// !$*UTF8*$!
{
	archiveVersion = 1;
	classes = {
	};
	objectVersion = 54;
	objects = {

/* Begin PBXBuildFile section */
		3B0201852CAAD0F1003C1705 /* PMTabManager.swift in Sources */ = {isa = PBXBuildFile; fileRef = 3B0201842CAAD0F1003C1705 /* PMTabManager.swift */; };
		3B04F70725B6FC170024F39C /* WebKit.framework in Frameworks */ = {isa = PBXBuildFile; fileRef = 3BBAEB8F236AE1D4009BAA05 /* WebKit.framework */; };
		3B0C90132D5B6F73003FD494 /* PMSettings.swift in Sources */ = {isa = PBXBuildFile; fileRef = 3BB40F6E2CB56DA5004CBF74 /* PMSettings.swift */; };
		3B0C90142D5B6F73003FD494 /* PMSettings.swift in Sources */ = {isa = PBXBuildFile; fileRef = 3BB40F6E2CB56DA5004CBF74 /* PMSettings.swift */; };
		3B0C90152D5B79BC003FD494 /* Extensions.swift in Sources */ = {isa = PBXBuildFile; fileRef = 3BBAE1352D2EDE48009D0C34 /* Extensions.swift */; };
		3B170B8625B2E62600F14FDD /* sample.md in Resources */ = {isa = PBXBuildFile; fileRef = 3B170B8525B2E62600F14FDD /* sample.md */; };
		3B1C9EB1237454F600331D75 /* licences.txt in Resources */ = {isa = PBXBuildFile; fileRef = 3B1C9EB0237454F600331D75 /* licences.txt */; };
		3B1C9EB32374565800331D75 /* licences.txt in Resources */ = {isa = PBXBuildFile; fileRef = 3B1C9EB22374565800331D75 /* licences.txt */; };
		3B218E122637F5C30024446B /* Yaml in Frameworks */ = {isa = PBXBuildFile; productRef = 3B218E112637F5C30024446B /* Yaml */; };
		3B218E342637FA3B0024446B /* Yaml in Frameworks */ = {isa = PBXBuildFile; productRef = 3B218E332637FA3B0024446B /* Yaml */; };
		3B33BEEE2898FDF90038AE9D /* Yaml in Frameworks */ = {isa = PBXBuildFile; productRef = 3B33BEED2898FDF90038AE9D /* Yaml */; };
		3B363F482D48F63100F0982F /* PMServices.swift in Sources */ = {isa = PBXBuildFile; fileRef = 3B363F432D48F63100F0982F /* PMServices.swift */; };
		3B363F492D48F7EC00F0982F /* PMMarkdowner.swift in Sources */ = {isa = PBXBuildFile; fileRef = 3BBAE1392D2EDE48009D0C34 /* PMMarkdowner.swift */; };
		3B3C2ADF2D490CC2000D0C92 /* markdown-it.min.js in Resources */ = {isa = PBXBuildFile; fileRef = 3BBAE1372D2EDE48009D0C34 /* markdown-it.min.js */; };
		3B3E7C662CB7E34B005E2EF3 /* AppDelegateWhatsNew.swift in Sources */ = {isa = PBXBuildFile; fileRef = 3B3E7C652CB7E34B005E2EF3 /* AppDelegateWhatsNew.swift */; };
		3B4F82102C8C1C8C00679446 /* Assets.xcassets in Resources */ = {isa = PBXBuildFile; fileRef = 3B4F820F2C8C1C8C00679446 /* Assets.xcassets */; };
		3B4F82112C8C1C8C00679446 /* Assets.xcassets in Resources */ = {isa = PBXBuildFile; fileRef = 3B4F820F2C8C1C8C00679446 /* Assets.xcassets */; };
		3B4F82122C8C1C8C00679446 /* Assets.xcassets in Resources */ = {isa = PBXBuildFile; fileRef = 3B4F820F2C8C1C8C00679446 /* Assets.xcassets */; };
		3B5CAA04268F4B2300A2DED1 /* PMFont.swift in Sources */ = {isa = PBXBuildFile; fileRef = 3B5CAA03268F4B2300A2DED1 /* PMFont.swift */; };
		3B5DCE0B2CB3E3AF001BE635 /* AppDelegateSettings.swift in Sources */ = {isa = PBXBuildFile; fileRef = 3B5DCE0A2CB3E3AA001BE635 /* AppDelegateSettings.swift */; };
		3B60A7412C8E199C00812A2D /* Highlighter in Frameworks */ = {isa = PBXBuildFile; productRef = 3B60A7402C8E199C00812A2D /* Highlighter */; };
		3B60A7432C8E19E600812A2D /* Highlighter in Frameworks */ = {isa = PBXBuildFile; productRef = 3B60A7422C8E19E600812A2D /* Highlighter */; };
		3B60A7452C8E238600812A2D /* Highlighter in Frameworks */ = {isa = PBXBuildFile; productRef = 3B60A7442C8E238600812A2D /* Highlighter */; };
		3B71BD43267F4B98005F7FFC /* AppDelegateMisc.swift in Sources */ = {isa = PBXBuildFile; fileRef = 3B71BD42267F4B98005F7FFC /* AppDelegateMisc.swift */; };
		3B7D3089251504A900A37F96 /* PreviewMarkdownTests.swift in Sources */ = {isa = PBXBuildFile; fileRef = 3B7D3088251504A900A37F96 /* PreviewMarkdownTests.swift */; };
		3B7D30962515073000A37F96 /* PreviewViewController.swift in Sources */ = {isa = PBXBuildFile; fileRef = 3BBAEA2F236ADECB009BAA05 /* PreviewViewController.swift */; };
		3B7D30972515073000A37F96 /* ThumbnailProvider.swift in Sources */ = {isa = PBXBuildFile; fileRef = 3BBAEA46236ADF11009BAA05 /* ThumbnailProvider.swift */; };
		3B7D30A02515077300A37F96 /* Constants.swift in Sources */ = {isa = PBXBuildFile; fileRef = 3B8865D624E3E99700435B1C /* Constants.swift */; };
		3B873DCD2E795567000F0610 /* AppIcon.icon in Resources */ = {isa = PBXBuildFile; fileRef = 3B873DCC2E795567000F0610 /* AppIcon.icon */; };
		3B8865D724E3E99700435B1C /* Constants.swift in Sources */ = {isa = PBXBuildFile; fileRef = 3B8865D624E3E99700435B1C /* Constants.swift */; };
		3B8865D824E3E99700435B1C /* Constants.swift in Sources */ = {isa = PBXBuildFile; fileRef = 3B8865D624E3E99700435B1C /* Constants.swift */; };
		3B8865D924E3E99700435B1C /* Constants.swift in Sources */ = {isa = PBXBuildFile; fileRef = 3B8865D624E3E99700435B1C /* Constants.swift */; };
		3BAE671728D4D09B001532BD /* AppDelegateFontHandling.swift in Sources */ = {isa = PBXBuildFile; fileRef = 3BAE671628D4D09B001532BD /* AppDelegateFontHandling.swift */; };
		3BAE6ED92C897AE50090C343 /* PMFont.swift in Sources */ = {isa = PBXBuildFile; fileRef = 3B5CAA03268F4B2300A2DED1 /* PMFont.swift */; };
		3BAE6EDA2C897AE70090C343 /* PMFont.swift in Sources */ = {isa = PBXBuildFile; fileRef = 3B5CAA03268F4B2300A2DED1 /* PMFont.swift */; };
		3BAE6EDB2C897C410090C343 /* PMFont.swift in Sources */ = {isa = PBXBuildFile; fileRef = 3B5CAA03268F4B2300A2DED1 /* PMFont.swift */; };
		3BB40F6D2CB5687E004CBF74 /* AppDelegateFeedback.swift in Sources */ = {isa = PBXBuildFile; fileRef = 3BB40F6C2CB5687E004CBF74 /* AppDelegateFeedback.swift */; };
		3BB40F6F2CB56DA5004CBF74 /* PMSettings.swift in Sources */ = {isa = PBXBuildFile; fileRef = 3BB40F6E2CB56DA5004CBF74 /* PMSettings.swift */; };
		3BBAE13C2D2EDE48009D0C34 /* PMStyler.swift in Sources */ = {isa = PBXBuildFile; fileRef = 3BBAE13A2D2EDE48009D0C34 /* PMStyler.swift */; };
		3BBAE13D2D2EDE48009D0C34 /* Extensions.swift in Sources */ = {isa = PBXBuildFile; fileRef = 3BBAE1352D2EDE48009D0C34 /* Extensions.swift */; };
		3BBAE13E2D2EDE48009D0C34 /* PMMarkdowner.swift in Sources */ = {isa = PBXBuildFile; fileRef = 3BBAE1392D2EDE48009D0C34 /* PMMarkdowner.swift */; };
		3BBAE13F2D2EDE48009D0C34 /* Common.swift in Sources */ = {isa = PBXBuildFile; fileRef = 3BBAE1342D2EDE48009D0C34 /* Common.swift */; };
		3BBAE1402D2EDE48009D0C34 /* PMLayouter.swift in Sources */ = {isa = PBXBuildFile; fileRef = 3BBAE1382D2EDE48009D0C34 /* PMLayouter.swift */; };
		3BBAE1412D2EDE48009D0C34 /* HTMLUtils.swift in Sources */ = {isa = PBXBuildFile; fileRef = 3BBAE1362D2EDE48009D0C34 /* HTMLUtils.swift */; };
		3BBAE1422D2EDE48009D0C34 /* markdown-it.min.js in Resources */ = {isa = PBXBuildFile; fileRef = 3BBAE1372D2EDE48009D0C34 /* markdown-it.min.js */; };
		3BBAE1432D2EDE48009D0C34 /* PMStyler.swift in Sources */ = {isa = PBXBuildFile; fileRef = 3BBAE13A2D2EDE48009D0C34 /* PMStyler.swift */; };
		3BBAE1442D2EDE48009D0C34 /* Extensions.swift in Sources */ = {isa = PBXBuildFile; fileRef = 3BBAE1352D2EDE48009D0C34 /* Extensions.swift */; };
		3BBAE1452D2EDE48009D0C34 /* PMMarkdowner.swift in Sources */ = {isa = PBXBuildFile; fileRef = 3BBAE1392D2EDE48009D0C34 /* PMMarkdowner.swift */; };
		3BBAE1462D2EDE48009D0C34 /* Common.swift in Sources */ = {isa = PBXBuildFile; fileRef = 3BBAE1342D2EDE48009D0C34 /* Common.swift */; };
		3BBAE1472D2EDE48009D0C34 /* PMLayouter.swift in Sources */ = {isa = PBXBuildFile; fileRef = 3BBAE1382D2EDE48009D0C34 /* PMLayouter.swift */; };
		3BBAE1482D2EDE48009D0C34 /* HTMLUtils.swift in Sources */ = {isa = PBXBuildFile; fileRef = 3BBAE1362D2EDE48009D0C34 /* HTMLUtils.swift */; };
		3BBAE1492D2EDE48009D0C34 /* markdown-it.min.js in Resources */ = {isa = PBXBuildFile; fileRef = 3BBAE1372D2EDE48009D0C34 /* markdown-it.min.js */; };
		3BBAE14A2D2EDE48009D0C34 /* Common.swift in Sources */ = {isa = PBXBuildFile; fileRef = 3BBAE1342D2EDE48009D0C34 /* Common.swift */; };
		3BBAE14B2D2EDE48009D0C34 /* markdown-it.min.js in Resources */ = {isa = PBXBuildFile; fileRef = 3BBAE1372D2EDE48009D0C34 /* markdown-it.min.js */; };
		3BBAE14C2D2EDE48009D0C34 /* PMStyler.swift in Sources */ = {isa = PBXBuildFile; fileRef = 3BBAE13A2D2EDE48009D0C34 /* PMStyler.swift */; };
		3BBAE14D2D2EDE48009D0C34 /* Extensions.swift in Sources */ = {isa = PBXBuildFile; fileRef = 3BBAE1352D2EDE48009D0C34 /* Extensions.swift */; };
		3BBAE14E2D2EDE48009D0C34 /* PMMarkdowner.swift in Sources */ = {isa = PBXBuildFile; fileRef = 3BBAE1392D2EDE48009D0C34 /* PMMarkdowner.swift */; };
		3BBAE14F2D2EDE48009D0C34 /* Common.swift in Sources */ = {isa = PBXBuildFile; fileRef = 3BBAE1342D2EDE48009D0C34 /* Common.swift */; };
		3BBAE1502D2EDE48009D0C34 /* PMLayouter.swift in Sources */ = {isa = PBXBuildFile; fileRef = 3BBAE1382D2EDE48009D0C34 /* PMLayouter.swift */; };
		3BBAE1512D2EDE48009D0C34 /* HTMLUtils.swift in Sources */ = {isa = PBXBuildFile; fileRef = 3BBAE1362D2EDE48009D0C34 /* HTMLUtils.swift */; };
		3BBAEA19236ADEB1009BAA05 /* AppDelegate.swift in Sources */ = {isa = PBXBuildFile; fileRef = 3BBAEA18236ADEB1009BAA05 /* AppDelegate.swift */; };
		3BBAEA1E236ADEB3009BAA05 /* MainMenu.xib in Resources */ = {isa = PBXBuildFile; fileRef = 3BBAEA1C236ADEB3009BAA05 /* MainMenu.xib */; };
		3BBAEA2D236ADECB009BAA05 /* Quartz.framework in Frameworks */ = {isa = PBXBuildFile; fileRef = 3BBAEA2C236ADECB009BAA05 /* Quartz.framework */; };
		3BBAEA30236ADECB009BAA05 /* PreviewViewController.swift in Sources */ = {isa = PBXBuildFile; fileRef = 3BBAEA2F236ADECB009BAA05 /* PreviewViewController.swift */; };
		3BBAEA33236ADECB009BAA05 /* PreviewViewController.xib in Resources */ = {isa = PBXBuildFile; fileRef = 3BBAEA31236ADECB009BAA05 /* PreviewViewController.xib */; };
		3BBAEA38236ADECB009BAA05 /* Markdown Previewer.appex in Embed Foundation Extensions */ = {isa = PBXBuildFile; fileRef = 3BBAEA2A236ADECB009BAA05 /* Markdown Previewer.appex */; settings = {ATTRIBUTES = (RemoveHeadersOnCopy, ); }; };
		3BBAEA43236ADF11009BAA05 /* QuickLookThumbnailing.framework in Frameworks */ = {isa = PBXBuildFile; fileRef = 3BBAEA42236ADF11009BAA05 /* QuickLookThumbnailing.framework */; };
		3BBAEA44236ADF11009BAA05 /* Quartz.framework in Frameworks */ = {isa = PBXBuildFile; fileRef = 3BBAEA2C236ADECB009BAA05 /* Quartz.framework */; };
		3BBAEA47236ADF11009BAA05 /* ThumbnailProvider.swift in Sources */ = {isa = PBXBuildFile; fileRef = 3BBAEA46236ADF11009BAA05 /* ThumbnailProvider.swift */; };
		3BBAEA4C236ADF11009BAA05 /* Markdown Thumbnailer.appex in Embed Foundation Extensions */ = {isa = PBXBuildFile; fileRef = 3BBAEA41236ADF11009BAA05 /* Markdown Thumbnailer.appex */; settings = {ATTRIBUTES = (RemoveHeadersOnCopy, ); }; };
		3BC7DDAB2D390C0B0066B644 /* PreviewMarkdown2Tests.swift in Sources */ = {isa = PBXBuildFile; fileRef = 3BC7DDAA2D390C0B0066B644 /* PreviewMarkdown2Tests.swift */; };
		3BC7DDAC2D390C820066B644 /* PMStyler.swift in Sources */ = {isa = PBXBuildFile; fileRef = 3BBAE13A2D2EDE48009D0C34 /* PMStyler.swift */; };
		3BC7DDAD2D390C870066B644 /* PMMarkdowner.swift in Sources */ = {isa = PBXBuildFile; fileRef = 3BBAE1392D2EDE48009D0C34 /* PMMarkdowner.swift */; };
		3BC7DDAE2D390DC70066B644 /* REPLACE_WITH_YOUR_CODES.swift in Sources */ = {isa = PBXBuildFile; fileRef = 3BEAC5AF2AA39E5C00958FFC /* REPLACE_WITH_YOUR_CODES.swift */; };
		3BC7DDAF2D390DDF0066B644 /* PMFont.swift in Sources */ = {isa = PBXBuildFile; fileRef = 3B5CAA03268F4B2300A2DED1 /* PMFont.swift */; };
		3BC7DDB02D390E1E0066B644 /* Extensions.swift in Sources */ = {isa = PBXBuildFile; fileRef = 3BBAE1352D2EDE48009D0C34 /* Extensions.swift */; };
		3BC7DDB12D390E2A0066B644 /* HTMLUtils.swift in Sources */ = {isa = PBXBuildFile; fileRef = 3BBAE1362D2EDE48009D0C34 /* HTMLUtils.swift */; };
		3BC7DDB22D390E640066B644 /* Assets.xcassets in Resources */ = {isa = PBXBuildFile; fileRef = 3B4F820F2C8C1C8C00679446 /* Assets.xcassets */; };
		3BC7DDB32D390E780066B644 /* PMLayouter.swift in Sources */ = {isa = PBXBuildFile; fileRef = 3BBAE1382D2EDE48009D0C34 /* PMLayouter.swift */; };
		3BD56C2F2AF02E0500772A82 /* AppDelegate.swift in Sources */ = {isa = PBXBuildFile; fileRef = 3BD56C2E2AF02E0500772A82 /* AppDelegate.swift */; };
		3BD56C312AF02E0600772A82 /* Assets.xcassets in Resources */ = {isa = PBXBuildFile; fileRef = 3BD56C302AF02E0600772A82 /* Assets.xcassets */; };
		3BD56C3A2AF02EC700772A82 /* REPLACE_WITH_YOUR_CODES.swift in Sources */ = {isa = PBXBuildFile; fileRef = 3BEAC5AF2AA39E5C00958FFC /* REPLACE_WITH_YOUR_CODES.swift */; };
		3BD56C3B2AF02ED400772A82 /* Constants.swift in Sources */ = {isa = PBXBuildFile; fileRef = 3B8865D624E3E99700435B1C /* Constants.swift */; };
		3BD56C402AF02FC200772A82 /* Yaml in Frameworks */ = {isa = PBXBuildFile; productRef = 3BD56C3F2AF02FC200772A82 /* Yaml */; };
		3BD56C412AF030F800772A82 /* MainMenu.xib in Resources */ = {isa = PBXBuildFile; fileRef = 3BD56C332AF02E0600772A82 /* MainMenu.xib */; };
		3BEAC5B12AA39E9100958FFC /* REPLACE_WITH_YOUR_FUNCTIONS.swift in Sources */ = {isa = PBXBuildFile; fileRef = 3BEAC5B02AA39E5C00958FFC /* REPLACE_WITH_YOUR_FUNCTIONS.swift */; };
		3BEAC5B22AA39E9400958FFC /* REPLACE_WITH_YOUR_CODES.swift in Sources */ = {isa = PBXBuildFile; fileRef = 3BEAC5AF2AA39E5C00958FFC /* REPLACE_WITH_YOUR_CODES.swift */; };
		3BEAC5B32AA39E9400958FFC /* REPLACE_WITH_YOUR_CODES.swift in Sources */ = {isa = PBXBuildFile; fileRef = 3BEAC5AF2AA39E5C00958FFC /* REPLACE_WITH_YOUR_CODES.swift */; };
		3BEAC5B42AA39E9500958FFC /* REPLACE_WITH_YOUR_CODES.swift in Sources */ = {isa = PBXBuildFile; fileRef = 3BEAC5AF2AA39E5C00958FFC /* REPLACE_WITH_YOUR_CODES.swift */; };
		3BEAC5B72AA39ED700958FFC /* Assets.xcassets in Resources */ = {isa = PBXBuildFile; fileRef = 3BEAC5B62AA39ED700958FFC /* Assets.xcassets */; };
		3BEAC5B92AA39EF200958FFC /* new in Resources */ = {isa = PBXBuildFile; fileRef = 3BEAC5B82AA39EF200958FFC /* new */; };
		3BEB32582E5063B5008E03F8 /* PMSettings.swift in Sources */ = {isa = PBXBuildFile; fileRef = 3BB40F6E2CB56DA5004CBF74 /* PMSettings.swift */; };
		3BF2DC4C2D4A8A1100520F48 /* PMStylerEntities.swift in Sources */ = {isa = PBXBuildFile; fileRef = 3BF2DC4B2D4A8A1100520F48 /* PMStylerEntities.swift */; };
		3BF2DC4D2D4A8A1100520F48 /* PMStylerEntities.swift in Sources */ = {isa = PBXBuildFile; fileRef = 3BF2DC4B2D4A8A1100520F48 /* PMStylerEntities.swift */; };
		3BF2DC4E2D4A8A1100520F48 /* PMStylerEntities.swift in Sources */ = {isa = PBXBuildFile; fileRef = 3BF2DC4B2D4A8A1100520F48 /* PMStylerEntities.swift */; };
		3BF2DC4F2D4A8A1100520F48 /* PMStylerEntities.swift in Sources */ = {isa = PBXBuildFile; fileRef = 3BF2DC4B2D4A8A1100520F48 /* PMStylerEntities.swift */; };
		3BF2DC502D4A8A1100520F48 /* PMStylerEntities.swift in Sources */ = {isa = PBXBuildFile; fileRef = 3BF2DC4B2D4A8A1100520F48 /* PMStylerEntities.swift */; };
/* End PBXBuildFile section */

/* Begin PBXContainerItemProxy section */
		3B7D308B251504A900A37F96 /* PBXContainerItemProxy */ = {
			isa = PBXContainerItemProxy;
			containerPortal = 3BBAEA0D236ADEB0009BAA05 /* Project object */;
			proxyType = 1;
			remoteGlobalIDString = 3BBAEA14236ADEB0009BAA05;
			remoteInfo = PreviewMarkdown;
		};
		3BBAEA36236ADECB009BAA05 /* PBXContainerItemProxy */ = {
			isa = PBXContainerItemProxy;
			containerPortal = 3BBAEA0D236ADEB0009BAA05 /* Project object */;
			proxyType = 1;
			remoteGlobalIDString = 3BBAEA29236ADECB009BAA05;
			remoteInfo = Previewer;
		};
		3BBAEA4A236ADF11009BAA05 /* PBXContainerItemProxy */ = {
			isa = PBXContainerItemProxy;
			containerPortal = 3BBAEA0D236ADEB0009BAA05 /* Project object */;
			proxyType = 1;
			remoteGlobalIDString = 3BBAEA40236ADF11009BAA05;
			remoteInfo = Thumbnailer;
		};
/* End PBXContainerItemProxy section */

/* Begin PBXCopyFilesBuildPhase section */
		3BBAEA3C236ADECB009BAA05 /* Embed Foundation Extensions */ = {
			isa = PBXCopyFilesBuildPhase;
			buildActionMask = 2147483647;
			dstPath = "";
			dstSubfolderSpec = 13;
			files = (
				3BBAEA4C236ADF11009BAA05 /* Markdown Thumbnailer.appex in Embed Foundation Extensions */,
				3BBAEA38236ADECB009BAA05 /* Markdown Previewer.appex in Embed Foundation Extensions */,
			);
			name = "Embed Foundation Extensions";
			runOnlyForDeploymentPostprocessing = 0;
		};
/* End PBXCopyFilesBuildPhase section */

/* Begin PBXFileReference section */
		3B0201842CAAD0F1003C1705 /* PMTabManager.swift */ = {isa = PBXFileReference; lastKnownFileType = sourcecode.swift; path = PMTabManager.swift; sourceTree = "<group>"; };
		3B170B8525B2E62600F14FDD /* sample.md */ = {isa = PBXFileReference; fileEncoding = 4; lastKnownFileType = net.daringfireball.markdown; path = sample.md; sourceTree = "<group>"; };
		3B1C9EB0237454F600331D75 /* licences.txt */ = {isa = PBXFileReference; fileEncoding = 4; lastKnownFileType = text; path = licences.txt; sourceTree = "<group>"; };
		3B1C9EB22374565800331D75 /* licences.txt */ = {isa = PBXFileReference; fileEncoding = 4; lastKnownFileType = text; path = licences.txt; sourceTree = "<group>"; };
		3B312E4D2E3A557E008DEE3B /* LICENSE.md */ = {isa = PBXFileReference; lastKnownFileType = net.daringfireball.markdown; path = LICENSE.md; sourceTree = "<group>"; };
		3B363F432D48F63100F0982F /* PMServices.swift */ = {isa = PBXFileReference; lastKnownFileType = sourcecode.swift; path = PMServices.swift; sourceTree = "<group>"; };
		3B3E7C652CB7E34B005E2EF3 /* AppDelegateWhatsNew.swift */ = {isa = PBXFileReference; lastKnownFileType = sourcecode.swift; path = AppDelegateWhatsNew.swift; sourceTree = "<group>"; };
		3B4F820F2C8C1C8C00679446 /* Assets.xcassets */ = {isa = PBXFileReference; lastKnownFileType = folder.assetcatalog; name = Assets.xcassets; path = "../../../Library/Mobile Documents/com~apple~CloudDocs/Documents/Programming/PreviewMarkdown/Previewer/Assets.xcassets"; sourceTree = "<group>"; };
		3B5CAA03268F4B2300A2DED1 /* PMFont.swift */ = {isa = PBXFileReference; lastKnownFileType = sourcecode.swift; path = PMFont.swift; sourceTree = "<group>"; };
		3B5DCE0A2CB3E3AA001BE635 /* AppDelegateSettings.swift */ = {isa = PBXFileReference; lastKnownFileType = sourcecode.swift; path = AppDelegateSettings.swift; sourceTree = "<group>"; };
		3B6F568629360C5300FE5189 /* README.md */ = {isa = PBXFileReference; lastKnownFileType = net.daringfireball.markdown; path = README.md; sourceTree = "<group>"; };
		3B71BD42267F4B98005F7FFC /* AppDelegateMisc.swift */ = {isa = PBXFileReference; fileEncoding = 4; lastKnownFileType = sourcecode.swift; path = AppDelegateMisc.swift; sourceTree = "<group>"; };
		3B7D3086251504A900A37F96 /* PreviewMarkdownTests.xctest */ = {isa = PBXFileReference; explicitFileType = wrapper.cfbundle; includeInIndex = 0; path = PreviewMarkdownTests.xctest; sourceTree = BUILT_PRODUCTS_DIR; };
		3B7D3088251504A900A37F96 /* PreviewMarkdownTests.swift */ = {isa = PBXFileReference; lastKnownFileType = sourcecode.swift; path = PreviewMarkdownTests.swift; sourceTree = "<group>"; };
		3B7D308A251504A900A37F96 /* Info.plist */ = {isa = PBXFileReference; lastKnownFileType = text.plist.xml; path = Info.plist; sourceTree = "<group>"; };
		3B873DCC2E795567000F0610 /* AppIcon.icon */ = {isa = PBXFileReference; lastKnownFileType = folder.iconcomposer.icon; name = AppIcon.icon; path = "../../Library/Mobile Documents/com~apple~CloudDocs/Documents/Programming/PreviewMarkdown/AppIcon.icon"; sourceTree = SOURCE_ROOT; };
		3B8865D624E3E99700435B1C /* Constants.swift */ = {isa = PBXFileReference; fileEncoding = 4; lastKnownFileType = sourcecode.swift; path = Constants.swift; sourceTree = "<group>"; };
		3BAE671628D4D09B001532BD /* AppDelegateFontHandling.swift */ = {isa = PBXFileReference; fileEncoding = 4; lastKnownFileType = sourcecode.swift; path = AppDelegateFontHandling.swift; sourceTree = "<group>"; };
		3BAE6EC72C89783C0090C343 /* Info.plist */ = {isa = PBXFileReference; lastKnownFileType = text.plist.xml; path = Info.plist; sourceTree = "<group>"; };
		3BB40F6C2CB5687E004CBF74 /* AppDelegateFeedback.swift */ = {isa = PBXFileReference; lastKnownFileType = sourcecode.swift; path = AppDelegateFeedback.swift; sourceTree = "<group>"; };
		3BB40F6E2CB56DA5004CBF74 /* PMSettings.swift */ = {isa = PBXFileReference; lastKnownFileType = sourcecode.swift; path = PMSettings.swift; sourceTree = "<group>"; };
		3BBAE1342D2EDE48009D0C34 /* Common.swift */ = {isa = PBXFileReference; lastKnownFileType = sourcecode.swift; path = Common.swift; sourceTree = "<group>"; };
		3BBAE1352D2EDE48009D0C34 /* Extensions.swift */ = {isa = PBXFileReference; lastKnownFileType = sourcecode.swift; path = Extensions.swift; sourceTree = "<group>"; };
		3BBAE1362D2EDE48009D0C34 /* HTMLUtils.swift */ = {isa = PBXFileReference; lastKnownFileType = sourcecode.swift; path = HTMLUtils.swift; sourceTree = "<group>"; };
		3BBAE1372D2EDE48009D0C34 /* markdown-it.min.js */ = {isa = PBXFileReference; lastKnownFileType = sourcecode.javascript; path = "markdown-it.min.js"; sourceTree = "<group>"; };
		3BBAE1382D2EDE48009D0C34 /* PMLayouter.swift */ = {isa = PBXFileReference; lastKnownFileType = sourcecode.swift; path = PMLayouter.swift; sourceTree = "<group>"; };
		3BBAE1392D2EDE48009D0C34 /* PMMarkdowner.swift */ = {isa = PBXFileReference; lastKnownFileType = sourcecode.swift; path = PMMarkdowner.swift; sourceTree = "<group>"; };
		3BBAE13A2D2EDE48009D0C34 /* PMStyler.swift */ = {isa = PBXFileReference; lastKnownFileType = sourcecode.swift; path = PMStyler.swift; sourceTree = "<group>"; };
		3BBAEA15236ADEB0009BAA05 /* PreviewMarkdown.app */ = {isa = PBXFileReference; explicitFileType = wrapper.application; includeInIndex = 0; path = PreviewMarkdown.app; sourceTree = BUILT_PRODUCTS_DIR; };
		3BBAEA18236ADEB1009BAA05 /* AppDelegate.swift */ = {isa = PBXFileReference; lastKnownFileType = sourcecode.swift; path = AppDelegate.swift; sourceTree = "<group>"; };
		3BBAEA1D236ADEB3009BAA05 /* Base */ = {isa = PBXFileReference; lastKnownFileType = file.xib; name = Base; path = Base.lproj/MainMenu.xib; sourceTree = "<group>"; };
		3BBAEA1F236ADEB3009BAA05 /* Info.plist */ = {isa = PBXFileReference; lastKnownFileType = text.plist.xml; path = Info.plist; sourceTree = "<group>"; };
		3BBAEA20236ADEB3009BAA05 /* PreviewMarkdown.entitlements */ = {isa = PBXFileReference; lastKnownFileType = text.plist.entitlements; path = PreviewMarkdown.entitlements; sourceTree = "<group>"; };
		3BBAEA2A236ADECB009BAA05 /* Markdown Previewer.appex */ = {isa = PBXFileReference; explicitFileType = "wrapper.app-extension"; includeInIndex = 0; path = "Markdown Previewer.appex"; sourceTree = BUILT_PRODUCTS_DIR; };
		3BBAEA2C236ADECB009BAA05 /* Quartz.framework */ = {isa = PBXFileReference; lastKnownFileType = wrapper.framework; name = Quartz.framework; path = System/Library/Frameworks/Quartz.framework; sourceTree = SDKROOT; };
		3BBAEA2F236ADECB009BAA05 /* PreviewViewController.swift */ = {isa = PBXFileReference; lastKnownFileType = sourcecode.swift; path = PreviewViewController.swift; sourceTree = "<group>"; };
		3BBAEA32236ADECB009BAA05 /* Base */ = {isa = PBXFileReference; lastKnownFileType = file.xib; name = Base; path = Base.lproj/PreviewViewController.xib; sourceTree = "<group>"; };
		3BBAEA34236ADECB009BAA05 /* Info.plist */ = {isa = PBXFileReference; lastKnownFileType = text.plist.xml; path = Info.plist; sourceTree = "<group>"; };
		3BBAEA35236ADECB009BAA05 /* Previewer.entitlements */ = {isa = PBXFileReference; lastKnownFileType = text.plist.entitlements; path = Previewer.entitlements; sourceTree = "<group>"; };
		3BBAEA41236ADF11009BAA05 /* Markdown Thumbnailer.appex */ = {isa = PBXFileReference; explicitFileType = "wrapper.app-extension"; includeInIndex = 0; path = "Markdown Thumbnailer.appex"; sourceTree = BUILT_PRODUCTS_DIR; };
		3BBAEA42236ADF11009BAA05 /* QuickLookThumbnailing.framework */ = {isa = PBXFileReference; lastKnownFileType = wrapper.framework; name = QuickLookThumbnailing.framework; path = System/Library/Frameworks/QuickLookThumbnailing.framework; sourceTree = SDKROOT; };
		3BBAEA46236ADF11009BAA05 /* ThumbnailProvider.swift */ = {isa = PBXFileReference; lastKnownFileType = sourcecode.swift; path = ThumbnailProvider.swift; sourceTree = "<group>"; };
		3BBAEA48236ADF11009BAA05 /* Info.plist */ = {isa = PBXFileReference; lastKnownFileType = text.plist.xml; path = Info.plist; sourceTree = "<group>"; };
		3BBAEA49236ADF11009BAA05 /* Thumbnailer.entitlements */ = {isa = PBXFileReference; lastKnownFileType = text.plist.entitlements; path = Thumbnailer.entitlements; sourceTree = "<group>"; };
		3BBAEB8F236AE1D4009BAA05 /* WebKit.framework */ = {isa = PBXFileReference; lastKnownFileType = wrapper.framework; name = WebKit.framework; path = System/Library/Frameworks/WebKit.framework; sourceTree = SDKROOT; };
		3BC7DDAA2D390C0B0066B644 /* PreviewMarkdown2Tests.swift */ = {isa = PBXFileReference; lastKnownFileType = sourcecode.swift; path = PreviewMarkdown2Tests.swift; sourceTree = "<group>"; };
		3BD56C2C2AF02E0500772A82 /* RenderDemo.app */ = {isa = PBXFileReference; explicitFileType = wrapper.application; includeInIndex = 0; path = RenderDemo.app; sourceTree = BUILT_PRODUCTS_DIR; };
		3BD56C2E2AF02E0500772A82 /* AppDelegate.swift */ = {isa = PBXFileReference; lastKnownFileType = sourcecode.swift; path = AppDelegate.swift; sourceTree = "<group>"; };
		3BD56C302AF02E0600772A82 /* Assets.xcassets */ = {isa = PBXFileReference; lastKnownFileType = folder.assetcatalog; path = Assets.xcassets; sourceTree = "<group>"; };
		3BD56C332AF02E0600772A82 /* MainMenu.xib */ = {isa = PBXFileReference; lastKnownFileType = file.xib; name = MainMenu.xib; path = Base.lproj/MainMenu.xib; sourceTree = "<group>"; };
		3BD56C352AF02E0600772A82 /* RenderDemo.entitlements */ = {isa = PBXFileReference; lastKnownFileType = text.plist.entitlements; path = RenderDemo.entitlements; sourceTree = "<group>"; };
		3BD9C5312E3B7A3C005ED19C /* CHANGELOG.md */ = {isa = PBXFileReference; lastKnownFileType = net.daringfireball.markdown; path = CHANGELOG.md; sourceTree = "<group>"; };
		3BEAC5AF2AA39E5C00958FFC /* REPLACE_WITH_YOUR_CODES.swift */ = {isa = PBXFileReference; lastKnownFileType = sourcecode.swift; name = REPLACE_WITH_YOUR_CODES.swift; path = "/Users/smitty/Library/Mobile Documents/com~apple~CloudDocs/Documents/Programming/PreviewApps/REPLACE_WITH_YOUR_CODES.swift"; sourceTree = "<absolute>"; };
		3BEAC5B02AA39E5C00958FFC /* REPLACE_WITH_YOUR_FUNCTIONS.swift */ = {isa = PBXFileReference; lastKnownFileType = sourcecode.swift; name = REPLACE_WITH_YOUR_FUNCTIONS.swift; path = "/Users/smitty/Library/Mobile Documents/com~apple~CloudDocs/Documents/Programming/PreviewApps/REPLACE_WITH_YOUR_FUNCTIONS.swift"; sourceTree = "<absolute>"; };
		3BEAC5B62AA39ED700958FFC /* Assets.xcassets */ = {isa = PBXFileReference; lastKnownFileType = folder.assetcatalog; name = Assets.xcassets; path = "/Users/smitty/Library/Mobile Documents/com~apple~CloudDocs/Documents/Programming/PreviewMarkdown/Assets.xcassets"; sourceTree = "<absolute>"; };
		3BEAC5B82AA39EF200958FFC /* new */ = {isa = PBXFileReference; lastKnownFileType = folder; name = new; path = "/Users/smitty/Library/Mobile Documents/com~apple~CloudDocs/Documents/Programming/PreviewMarkdown/new"; sourceTree = "<absolute>"; };
		3BF2DC4B2D4A8A1100520F48 /* PMStylerEntities.swift */ = {isa = PBXFileReference; lastKnownFileType = sourcecode.swift; path = PMStylerEntities.swift; sourceTree = "<group>"; };
/* End PBXFileReference section */

/* Begin PBXFrameworksBuildPhase section */
		3B7D3083251504A900A37F96 /* Frameworks */ = {
			isa = PBXFrameworksBuildPhase;
			buildActionMask = 2147483647;
			files = (
				3B33BEEE2898FDF90038AE9D /* Yaml in Frameworks */,
			);
			runOnlyForDeploymentPostprocessing = 0;
		};
		3BBAEA12236ADEB0009BAA05 /* Frameworks */ = {
			isa = PBXFrameworksBuildPhase;
			buildActionMask = 2147483647;
			files = (
				3B04F70725B6FC170024F39C /* WebKit.framework in Frameworks */,
			);
			runOnlyForDeploymentPostprocessing = 0;
		};
		3BBAEA27236ADECB009BAA05 /* Frameworks */ = {
			isa = PBXFrameworksBuildPhase;
			buildActionMask = 2147483647;
			files = (
				3BBAEA2D236ADECB009BAA05 /* Quartz.framework in Frameworks */,
				3B60A7412C8E199C00812A2D /* Highlighter in Frameworks */,
				3B218E122637F5C30024446B /* Yaml in Frameworks */,
			);
			runOnlyForDeploymentPostprocessing = 0;
		};
		3BBAEA3E236ADF11009BAA05 /* Frameworks */ = {
			isa = PBXFrameworksBuildPhase;
			buildActionMask = 2147483647;
			files = (
				3BBAEA43236ADF11009BAA05 /* QuickLookThumbnailing.framework in Frameworks */,
				3BBAEA44236ADF11009BAA05 /* Quartz.framework in Frameworks */,
				3B60A7432C8E19E600812A2D /* Highlighter in Frameworks */,
				3B218E342637FA3B0024446B /* Yaml in Frameworks */,
			);
			runOnlyForDeploymentPostprocessing = 0;
		};
		3BD56C292AF02E0500772A82 /* Frameworks */ = {
			isa = PBXFrameworksBuildPhase;
			buildActionMask = 2147483647;
			files = (
				3B60A7452C8E238600812A2D /* Highlighter in Frameworks */,
				3BD56C402AF02FC200772A82 /* Yaml in Frameworks */,
			);
			runOnlyForDeploymentPostprocessing = 0;
		};
/* End PBXFrameworksBuildPhase section */

/* Begin PBXGroup section */
		3B4F820E2C8C1C0E00679446 /* YOU MUST SUPPLY */ = {
			isa = PBXGroup;
			children = (
				3B4F820F2C8C1C8C00679446 /* Assets.xcassets */,
			);
			name = "YOU MUST SUPPLY";
			sourceTree = "<group>";
		};
		3B6F568529360C0400FE5189 /* Misc */ = {
			isa = PBXGroup;
			children = (
				3B6F568629360C5300FE5189 /* README.md */,
				3B312E4D2E3A557E008DEE3B /* LICENSE.md */,
				3BD9C5312E3B7A3C005ED19C /* CHANGELOG.md */,
			);
			name = Misc;
			sourceTree = "<group>";
		};
		3B7D3087251504A900A37F96 /* PreviewMarkdownTests */ = {
			isa = PBXGroup;
			children = (
				3B7D3088251504A900A37F96 /* PreviewMarkdownTests.swift */,
				3BC7DDAA2D390C0B0066B644 /* PreviewMarkdown2Tests.swift */,
				3B7D308A251504A900A37F96 /* Info.plist */,
			);
			path = PreviewMarkdownTests;
			sourceTree = "<group>";
		};
		3BBAE13B2D2EDE48009D0C34 /* Common */ = {
			isa = PBXGroup;
			children = (
				3BBAE1342D2EDE48009D0C34 /* Common.swift */,
				3BBAE13A2D2EDE48009D0C34 /* PMStyler.swift */,
				3BF2DC4B2D4A8A1100520F48 /* PMStylerEntities.swift */,
				3BBAE1392D2EDE48009D0C34 /* PMMarkdowner.swift */,
				3BBAE1382D2EDE48009D0C34 /* PMLayouter.swift */,
				3BB40F6E2CB56DA5004CBF74 /* PMSettings.swift */,
				3B5CAA03268F4B2300A2DED1 /* PMFont.swift */,
				3BBAE1352D2EDE48009D0C34 /* Extensions.swift */,
				3BBAE1362D2EDE48009D0C34 /* HTMLUtils.swift */,
				3BBAE1372D2EDE48009D0C34 /* markdown-it.min.js */,
			);
			path = Common;
			sourceTree = "<group>";
		};
		3BBAEA0C236ADEB0009BAA05 = {
			isa = PBXGroup;
			children = (
				3BBAEA17236ADEB0009BAA05 /* PreviewMarkdown */,
				3BBAEA2E236ADECB009BAA05 /* Markdown Previewer */,
				3BBAEA45236ADF11009BAA05 /* Markdown Thumbnailer */,
				3BD56C2D2AF02E0500772A82 /* RenderDemo */,
				3BBAE13B2D2EDE48009D0C34 /* Common */,
				3B7D3087251504A900A37F96 /* PreviewMarkdownTests */,
				3BBAEA2B236ADECB009BAA05 /* Frameworks */,
				3B6F568529360C0400FE5189 /* Misc */,
				3BBAEA16236ADEB0009BAA05 /* Products */,
			);
			sourceTree = "<group>";
		};
		3BBAEA16236ADEB0009BAA05 /* Products */ = {
			isa = PBXGroup;
			children = (
				3BBAEA15236ADEB0009BAA05 /* PreviewMarkdown.app */,
				3BBAEA2A236ADECB009BAA05 /* Markdown Previewer.appex */,
				3BBAEA41236ADF11009BAA05 /* Markdown Thumbnailer.appex */,
				3B7D3086251504A900A37F96 /* PreviewMarkdownTests.xctest */,
				3BD56C2C2AF02E0500772A82 /* RenderDemo.app */,
			);
			name = Products;
			sourceTree = "<group>";
		};
		3BBAEA17236ADEB0009BAA05 /* PreviewMarkdown */ = {
			isa = PBXGroup;
			children = (
				3B8865D624E3E99700435B1C /* Constants.swift */,
				3BBAEA18236ADEB1009BAA05 /* AppDelegate.swift */,
				3B5DCE0A2CB3E3AA001BE635 /* AppDelegateSettings.swift */,
				3BB40F6C2CB5687E004CBF74 /* AppDelegateFeedback.swift */,
				3B3E7C652CB7E34B005E2EF3 /* AppDelegateWhatsNew.swift */,
				3BAE671628D4D09B001532BD /* AppDelegateFontHandling.swift */,
				3B71BD42267F4B98005F7FFC /* AppDelegateMisc.swift */,
				3B0201842CAAD0F1003C1705 /* PMTabManager.swift */,
				3B363F432D48F63100F0982F /* PMServices.swift */,
				3BBAEA1C236ADEB3009BAA05 /* MainMenu.xib */,
				3BBAEA1F236ADEB3009BAA05 /* Info.plist */,
				3BBAEA20236ADEB3009BAA05 /* PreviewMarkdown.entitlements */,
				3B170B8525B2E62600F14FDD /* sample.md */,
				3B873DCC2E795567000F0610 /* AppIcon.icon */,
				3BEAC5AE2AA39E4C00958FFC /* YOU MUST SUPPLY */,
			);
			path = PreviewMarkdown;
			sourceTree = "<group>";
		};
		3BBAEA2B236ADECB009BAA05 /* Frameworks */ = {
			isa = PBXGroup;
			children = (
				3BBAEB8F236AE1D4009BAA05 /* WebKit.framework */,
				3BBAEA2C236ADECB009BAA05 /* Quartz.framework */,
				3BBAEA42236ADF11009BAA05 /* QuickLookThumbnailing.framework */,
			);
			name = Frameworks;
			sourceTree = "<group>";
		};
		3BBAEA2E236ADECB009BAA05 /* Markdown Previewer */ = {
			isa = PBXGroup;
			children = (
				3BBAEA2F236ADECB009BAA05 /* PreviewViewController.swift */,
				3BBAEA31236ADECB009BAA05 /* PreviewViewController.xib */,
				3BBAEA34236ADECB009BAA05 /* Info.plist */,
				3B1C9EB0237454F600331D75 /* licences.txt */,
				3BBAEA35236ADECB009BAA05 /* Previewer.entitlements */,
				3B4F820E2C8C1C0E00679446 /* YOU MUST SUPPLY */,
			);
			path = "Markdown Previewer";
			sourceTree = "<group>";
		};
		3BBAEA45236ADF11009BAA05 /* Markdown Thumbnailer */ = {
			isa = PBXGroup;
			children = (
				3BBAEA46236ADF11009BAA05 /* ThumbnailProvider.swift */,
				3BBAEA48236ADF11009BAA05 /* Info.plist */,
				3B1C9EB22374565800331D75 /* licences.txt */,
				3BBAEA49236ADF11009BAA05 /* Thumbnailer.entitlements */,
			);
			path = "Markdown Thumbnailer";
			sourceTree = "<group>";
		};
		3BD56C2D2AF02E0500772A82 /* RenderDemo */ = {
			isa = PBXGroup;
			children = (
				3BD56C2E2AF02E0500772A82 /* AppDelegate.swift */,
				3BD56C332AF02E0600772A82 /* MainMenu.xib */,
				3BD56C352AF02E0600772A82 /* RenderDemo.entitlements */,
				3BAE6EC72C89783C0090C343 /* Info.plist */,
				3BD56C302AF02E0600772A82 /* Assets.xcassets */,
			);
			path = RenderDemo;
			sourceTree = "<group>";
		};
		3BEAC5AE2AA39E4C00958FFC /* YOU MUST SUPPLY */ = {
			isa = PBXGroup;
			children = (
				3BEAC5B02AA39E5C00958FFC /* REPLACE_WITH_YOUR_FUNCTIONS.swift */,
				3BEAC5AF2AA39E5C00958FFC /* REPLACE_WITH_YOUR_CODES.swift */,
				3BEAC5B62AA39ED700958FFC /* Assets.xcassets */,
				3BEAC5B82AA39EF200958FFC /* new */,
			);
			name = "YOU MUST SUPPLY";
			sourceTree = "<group>";
		};
/* End PBXGroup section */

/* Begin PBXNativeTarget section */
		3B7D3085251504A900A37F96 /* PreviewMarkdownTests */ = {
			isa = PBXNativeTarget;
			buildConfigurationList = 3B7D308F251504A900A37F96 /* Build configuration list for PBXNativeTarget "PreviewMarkdownTests" */;
			buildPhases = (
				3B7D3082251504A900A37F96 /* Sources */,
				3B7D3083251504A900A37F96 /* Frameworks */,
				3B7D3084251504A900A37F96 /* Resources */,
			);
			buildRules = (
			);
			dependencies = (
				3B7D308C251504A900A37F96 /* PBXTargetDependency */,
			);
			name = PreviewMarkdownTests;
			packageProductDependencies = (
				3B33BEED2898FDF90038AE9D /* Yaml */,
			);
			productName = PreviewMarkdownTests;
			productReference = 3B7D3086251504A900A37F96 /* PreviewMarkdownTests.xctest */;
			productType = "com.apple.product-type.bundle.unit-test";
		};
		3BBAEA14236ADEB0009BAA05 /* PreviewMarkdown */ = {
			isa = PBXNativeTarget;
			buildConfigurationList = 3BBAEA23236ADEB3009BAA05 /* Build configuration list for PBXNativeTarget "PreviewMarkdown" */;
			buildPhases = (
				3BBAEA11236ADEB0009BAA05 /* Sources */,
				3BBAEA12236ADEB0009BAA05 /* Frameworks */,
				3BBAEA13236ADEB0009BAA05 /* Resources */,
				3BBAEA3C236ADECB009BAA05 /* Embed Foundation Extensions */,
			);
			buildRules = (
			);
			dependencies = (
				3BBAEA37236ADECB009BAA05 /* PBXTargetDependency */,
				3BBAEA4B236ADF11009BAA05 /* PBXTargetDependency */,
			);
			name = PreviewMarkdown;
			packageProductDependencies = (
			);
			productName = PreviewMarkdown;
			productReference = 3BBAEA15236ADEB0009BAA05 /* PreviewMarkdown.app */;
			productType = "com.apple.product-type.application";
		};
		3BBAEA29236ADECB009BAA05 /* Markdown Previewer */ = {
			isa = PBXNativeTarget;
			buildConfigurationList = 3BBAEA39236ADECB009BAA05 /* Build configuration list for PBXNativeTarget "Markdown Previewer" */;
			buildPhases = (
				3BBAEA26236ADECB009BAA05 /* Sources */,
				3BBAEA27236ADECB009BAA05 /* Frameworks */,
				3BBAEA28236ADECB009BAA05 /* Resources */,
			);
			buildRules = (
			);
			dependencies = (
			);
			name = "Markdown Previewer";
			packageProductDependencies = (
				3B218E112637F5C30024446B /* Yaml */,
				3B60A7402C8E199C00812A2D /* Highlighter */,
			);
			productName = Previewer;
			productReference = 3BBAEA2A236ADECB009BAA05 /* Markdown Previewer.appex */;
			productType = "com.apple.product-type.app-extension";
		};
		3BBAEA40236ADF11009BAA05 /* Markdown Thumbnailer */ = {
			isa = PBXNativeTarget;
			buildConfigurationList = 3BBAEA4D236ADF11009BAA05 /* Build configuration list for PBXNativeTarget "Markdown Thumbnailer" */;
			buildPhases = (
				3BBAEA3D236ADF11009BAA05 /* Sources */,
				3BBAEA3E236ADF11009BAA05 /* Frameworks */,
				3BBAEA3F236ADF11009BAA05 /* Resources */,
			);
			buildRules = (
			);
			dependencies = (
			);
			name = "Markdown Thumbnailer";
			packageProductDependencies = (
				3B218E332637FA3B0024446B /* Yaml */,
				3B60A7422C8E19E600812A2D /* Highlighter */,
			);
			productName = Thumbnailer;
			productReference = 3BBAEA41236ADF11009BAA05 /* Markdown Thumbnailer.appex */;
			productType = "com.apple.product-type.app-extension";
		};
		3BD56C2B2AF02E0500772A82 /* RenderDemo */ = {
			isa = PBXNativeTarget;
			buildConfigurationList = 3BD56C382AF02E0600772A82 /* Build configuration list for PBXNativeTarget "RenderDemo" */;
			buildPhases = (
				3BD56C282AF02E0500772A82 /* Sources */,
				3BD56C292AF02E0500772A82 /* Frameworks */,
				3BD56C2A2AF02E0500772A82 /* Resources */,
			);
			buildRules = (
			);
			dependencies = (
			);
			name = RenderDemo;
			packageProductDependencies = (
				3BD56C3F2AF02FC200772A82 /* Yaml */,
				3B60A7442C8E238600812A2D /* Highlighter */,
			);
			productName = RenderDemo;
			productReference = 3BD56C2C2AF02E0500772A82 /* RenderDemo.app */;
			productType = "com.apple.product-type.application";
		};
/* End PBXNativeTarget section */

/* Begin PBXProject section */
		3BBAEA0D236ADEB0009BAA05 /* Project object */ = {
			isa = PBXProject;
			attributes = {
				BuildIndependentTargetsInParallel = YES;
				LastSwiftUpdateCheck = 1500;
				LastUpgradeCheck = 2600;
				ORGANIZATIONNAME = "Tony Smith";
				TargetAttributes = {
					3B7D3085251504A900A37F96 = {
						CreatedOnToolsVersion = 12.0;
						TestTargetID = 3BBAEA14236ADEB0009BAA05;
					};
					3BBAEA14236ADEB0009BAA05 = {
						CreatedOnToolsVersion = 11.1;
						LastSwiftMigration = 1620;
					};
					3BBAEA29236ADECB009BAA05 = {
						CreatedOnToolsVersion = 11.1;
					};
					3BBAEA40236ADF11009BAA05 = {
						CreatedOnToolsVersion = 11.1;
					};
					3BD56C2B2AF02E0500772A82 = {
						CreatedOnToolsVersion = 15.0.1;
					};
				};
			};
			buildConfigurationList = 3BBAEA10236ADEB0009BAA05 /* Build configuration list for PBXProject "PreviewMarkdown" */;
			compatibilityVersion = "Xcode 10.0";
			developmentRegion = en;
			hasScannedForEncodings = 0;
			knownRegions = (
				en,
				Base,
			);
			mainGroup = 3BBAEA0C236ADEB0009BAA05;
			packageReferences = (
				3B218E102637F5C30024446B /* XCRemoteSwiftPackageReference "YamlSwift" */,
				3B60A73F2C8E199C00812A2D /* XCRemoteSwiftPackageReference "HighlighterSwift" */,
			);
			productRefGroup = 3BBAEA16236ADEB0009BAA05 /* Products */;
			projectDirPath = "";
			projectRoot = "";
			targets = (
				3BBAEA14236ADEB0009BAA05 /* PreviewMarkdown */,
				3BBAEA29236ADECB009BAA05 /* Markdown Previewer */,
				3BBAEA40236ADF11009BAA05 /* Markdown Thumbnailer */,
				3B7D3085251504A900A37F96 /* PreviewMarkdownTests */,
				3BD56C2B2AF02E0500772A82 /* RenderDemo */,
			);
		};
/* End PBXProject section */

/* Begin PBXResourcesBuildPhase section */
		3B7D3084251504A900A37F96 /* Resources */ = {
			isa = PBXResourcesBuildPhase;
			buildActionMask = 2147483647;
			files = (
				3BC7DDB22D390E640066B644 /* Assets.xcassets in Resources */,
			);
			runOnlyForDeploymentPostprocessing = 0;
		};
		3BBAEA13236ADEB0009BAA05 /* Resources */ = {
			isa = PBXResourcesBuildPhase;
			buildActionMask = 2147483647;
			files = (
				3BEAC5B92AA39EF200958FFC /* new in Resources */,
				3BBAEA1E236ADEB3009BAA05 /* MainMenu.xib in Resources */,
				3B3C2ADF2D490CC2000D0C92 /* markdown-it.min.js in Resources */,
				3B170B8625B2E62600F14FDD /* sample.md in Resources */,
				3BEAC5B72AA39ED700958FFC /* Assets.xcassets in Resources */,
				3B873DCD2E795567000F0610 /* AppIcon.icon in Resources */,
			);
			runOnlyForDeploymentPostprocessing = 0;
		};
		3BBAEA28236ADECB009BAA05 /* Resources */ = {
			isa = PBXResourcesBuildPhase;
			buildActionMask = 2147483647;
			files = (
				3BBAE1422D2EDE48009D0C34 /* markdown-it.min.js in Resources */,
				3BBAEA33236ADECB009BAA05 /* PreviewViewController.xib in Resources */,
				3B1C9EB1237454F600331D75 /* licences.txt in Resources */,
				3B4F82102C8C1C8C00679446 /* Assets.xcassets in Resources */,
			);
			runOnlyForDeploymentPostprocessing = 0;
		};
		3BBAEA3F236ADF11009BAA05 /* Resources */ = {
			isa = PBXResourcesBuildPhase;
			buildActionMask = 2147483647;
			files = (
				3B4F82112C8C1C8C00679446 /* Assets.xcassets in Resources */,
				3B1C9EB32374565800331D75 /* licences.txt in Resources */,
				3BBAE1492D2EDE48009D0C34 /* markdown-it.min.js in Resources */,
			);
			runOnlyForDeploymentPostprocessing = 0;
		};
		3BD56C2A2AF02E0500772A82 /* Resources */ = {
			isa = PBXResourcesBuildPhase;
			buildActionMask = 2147483647;
			files = (
				3BBAE14B2D2EDE48009D0C34 /* markdown-it.min.js in Resources */,
				3BD56C312AF02E0600772A82 /* Assets.xcassets in Resources */,
				3BD56C412AF030F800772A82 /* MainMenu.xib in Resources */,
				3B4F82122C8C1C8C00679446 /* Assets.xcassets in Resources */,
			);
			runOnlyForDeploymentPostprocessing = 0;
		};
/* End PBXResourcesBuildPhase section */

/* Begin PBXSourcesBuildPhase section */
		3B7D3082251504A900A37F96 /* Sources */ = {
			isa = PBXSourcesBuildPhase;
			buildActionMask = 2147483647;
			files = (
				3BF2DC4C2D4A8A1100520F48 /* PMStylerEntities.swift in Sources */,
				3BC7DDB32D390E780066B644 /* PMLayouter.swift in Sources */,
				3BC7DDB12D390E2A0066B644 /* HTMLUtils.swift in Sources */,
				3BC7DDAC2D390C820066B644 /* PMStyler.swift in Sources */,
				3B7D30A02515077300A37F96 /* Constants.swift in Sources */,
				3BC7DDAF2D390DDF0066B644 /* PMFont.swift in Sources */,
				3B7D30962515073000A37F96 /* PreviewViewController.swift in Sources */,
				3B7D30972515073000A37F96 /* ThumbnailProvider.swift in Sources */,
				3BBAE14A2D2EDE48009D0C34 /* Common.swift in Sources */,
				3BC7DDB02D390E1E0066B644 /* Extensions.swift in Sources */,
				3BC7DDAE2D390DC70066B644 /* REPLACE_WITH_YOUR_CODES.swift in Sources */,
				3BC7DDAD2D390C870066B644 /* PMMarkdowner.swift in Sources */,
				3B7D3089251504A900A37F96 /* PreviewMarkdownTests.swift in Sources */,
				3BC7DDAB2D390C0B0066B644 /* PreviewMarkdown2Tests.swift in Sources */,
			);
			runOnlyForDeploymentPostprocessing = 0;
		};
		3BBAEA11236ADEB0009BAA05 /* Sources */ = {
			isa = PBXSourcesBuildPhase;
			buildActionMask = 2147483647;
			files = (
				3BBAEA19236ADEB1009BAA05 /* AppDelegate.swift in Sources */,
				3B3E7C662CB7E34B005E2EF3 /* AppDelegateWhatsNew.swift in Sources */,
				3BAE671728D4D09B001532BD /* AppDelegateFontHandling.swift in Sources */,
				3BEAC5B22AA39E9400958FFC /* REPLACE_WITH_YOUR_CODES.swift in Sources */,
				3B363F492D48F7EC00F0982F /* PMMarkdowner.swift in Sources */,
				3BF2DC502D4A8A1100520F48 /* PMStylerEntities.swift in Sources */,
				3B5CAA04268F4B2300A2DED1 /* PMFont.swift in Sources */,
				3BEAC5B12AA39E9100958FFC /* REPLACE_WITH_YOUR_FUNCTIONS.swift in Sources */,
				3B5DCE0B2CB3E3AF001BE635 /* AppDelegateSettings.swift in Sources */,
				3B8865D724E3E99700435B1C /* Constants.swift in Sources */,
				3B71BD43267F4B98005F7FFC /* AppDelegateMisc.swift in Sources */,
				3BB40F6F2CB56DA5004CBF74 /* PMSettings.swift in Sources */,
				3B363F482D48F63100F0982F /* PMServices.swift in Sources */,
				3B0C90152D5B79BC003FD494 /* Extensions.swift in Sources */,
				3B0201852CAAD0F1003C1705 /* PMTabManager.swift in Sources */,
				3BB40F6D2CB5687E004CBF74 /* AppDelegateFeedback.swift in Sources */,
			);
			runOnlyForDeploymentPostprocessing = 0;
		};
		3BBAEA26236ADECB009BAA05 /* Sources */ = {
			isa = PBXSourcesBuildPhase;
			buildActionMask = 2147483647;
			files = (
				3BBAEA30236ADECB009BAA05 /* PreviewViewController.swift in Sources */,
				3BAE6ED92C897AE50090C343 /* PMFont.swift in Sources */,
				3BEAC5B32AA39E9400958FFC /* REPLACE_WITH_YOUR_CODES.swift in Sources */,
				3BBAE13C2D2EDE48009D0C34 /* PMStyler.swift in Sources */,
				3BBAE13D2D2EDE48009D0C34 /* Extensions.swift in Sources */,
				3B0C90132D5B6F73003FD494 /* PMSettings.swift in Sources */,
				3BBAE13E2D2EDE48009D0C34 /* PMMarkdowner.swift in Sources */,
				3BBAE13F2D2EDE48009D0C34 /* Common.swift in Sources */,
				3BBAE1402D2EDE48009D0C34 /* PMLayouter.swift in Sources */,
				3BBAE1412D2EDE48009D0C34 /* HTMLUtils.swift in Sources */,
				3BF2DC4E2D4A8A1100520F48 /* PMStylerEntities.swift in Sources */,
				3B8865D824E3E99700435B1C /* Constants.swift in Sources */,
			);
			runOnlyForDeploymentPostprocessing = 0;
		};
		3BBAEA3D236ADF11009BAA05 /* Sources */ = {
			isa = PBXSourcesBuildPhase;
			buildActionMask = 2147483647;
			files = (
				3BBAEA47236ADF11009BAA05 /* ThumbnailProvider.swift in Sources */,
				3BAE6EDA2C897AE70090C343 /* PMFont.swift in Sources */,
				3BEAC5B42AA39E9500958FFC /* REPLACE_WITH_YOUR_CODES.swift in Sources */,
				3BBAE1432D2EDE48009D0C34 /* PMStyler.swift in Sources */,
				3BBAE1442D2EDE48009D0C34 /* Extensions.swift in Sources */,
				3B0C90142D5B6F73003FD494 /* PMSettings.swift in Sources */,
				3BBAE1452D2EDE48009D0C34 /* PMMarkdowner.swift in Sources */,
				3BBAE1462D2EDE48009D0C34 /* Common.swift in Sources */,
				3BBAE1472D2EDE48009D0C34 /* PMLayouter.swift in Sources */,
				3BBAE1482D2EDE48009D0C34 /* HTMLUtils.swift in Sources */,
				3BF2DC4D2D4A8A1100520F48 /* PMStylerEntities.swift in Sources */,
				3B8865D924E3E99700435B1C /* Constants.swift in Sources */,
			);
			runOnlyForDeploymentPostprocessing = 0;
		};
		3BD56C282AF02E0500772A82 /* Sources */ = {
			isa = PBXSourcesBuildPhase;
			buildActionMask = 2147483647;
			files = (
				3BAE6EDB2C897C410090C343 /* PMFont.swift in Sources */,
				3BD56C3A2AF02EC700772A82 /* REPLACE_WITH_YOUR_CODES.swift in Sources */,
				3BBAE14C2D2EDE48009D0C34 /* PMStyler.swift in Sources */,
				3BBAE14D2D2EDE48009D0C34 /* Extensions.swift in Sources */,
				3BBAE14E2D2EDE48009D0C34 /* PMMarkdowner.swift in Sources */,
				3BBAE14F2D2EDE48009D0C34 /* Common.swift in Sources */,
				3BBAE1502D2EDE48009D0C34 /* PMLayouter.swift in Sources */,
				3BBAE1512D2EDE48009D0C34 /* HTMLUtils.swift in Sources */,
				3BD56C2F2AF02E0500772A82 /* AppDelegate.swift in Sources */,
				3BEB32582E5063B5008E03F8 /* PMSettings.swift in Sources */,
				3BF2DC4F2D4A8A1100520F48 /* PMStylerEntities.swift in Sources */,
				3BD56C3B2AF02ED400772A82 /* Constants.swift in Sources */,
			);
			runOnlyForDeploymentPostprocessing = 0;
		};
/* End PBXSourcesBuildPhase section */

/* Begin PBXTargetDependency section */
		3B7D308C251504A900A37F96 /* PBXTargetDependency */ = {
			isa = PBXTargetDependency;
			target = 3BBAEA14236ADEB0009BAA05 /* PreviewMarkdown */;
			targetProxy = 3B7D308B251504A900A37F96 /* PBXContainerItemProxy */;
		};
		3BBAEA37236ADECB009BAA05 /* PBXTargetDependency */ = {
			isa = PBXTargetDependency;
			target = 3BBAEA29236ADECB009BAA05 /* Markdown Previewer */;
			targetProxy = 3BBAEA36236ADECB009BAA05 /* PBXContainerItemProxy */;
		};
		3BBAEA4B236ADF11009BAA05 /* PBXTargetDependency */ = {
			isa = PBXTargetDependency;
			target = 3BBAEA40236ADF11009BAA05 /* Markdown Thumbnailer */;
			targetProxy = 3BBAEA4A236ADF11009BAA05 /* PBXContainerItemProxy */;
		};
/* End PBXTargetDependency section */

/* Begin PBXVariantGroup section */
		3BBAEA1C236ADEB3009BAA05 /* MainMenu.xib */ = {
			isa = PBXVariantGroup;
			children = (
				3BBAEA1D236ADEB3009BAA05 /* Base */,
			);
			name = MainMenu.xib;
			sourceTree = "<group>";
		};
		3BBAEA31236ADECB009BAA05 /* PreviewViewController.xib */ = {
			isa = PBXVariantGroup;
			children = (
				3BBAEA32236ADECB009BAA05 /* Base */,
			);
			name = PreviewViewController.xib;
			sourceTree = "<group>";
		};
/* End PBXVariantGroup section */

/* Begin XCBuildConfiguration section */
		3B7D308D251504A900A37F96 /* Debug */ = {
			isa = XCBuildConfiguration;
			buildSettings = {
				BUNDLE_LOADER = "$(TEST_HOST)";
				"CODE_SIGN_IDENTITY[sdk=macosx*]" = "Developer ID Application";
				CODE_SIGN_STYLE = Manual;
				COMBINE_HIDPI_IMAGES = YES;
				DEAD_CODE_STRIPPING = YES;
				DEVELOPMENT_TEAM = "";
				"DEVELOPMENT_TEAM[sdk=macosx*]" = Y5J3K52DNA;
				INFOPLIST_FILE = PreviewMarkdownTests/Info.plist;
				LD_RUNPATH_SEARCH_PATHS = (
					"$(inherited)",
					"@executable_path/../Frameworks",
					"@loader_path/../Frameworks",
				);
				OTHER_LIBTOOLFLAGS = "$(inherited)";
				PRODUCT_BUNDLE_IDENTIFIER = com.bps.PreviewMarkdownTests;
				PRODUCT_NAME = "$(TARGET_NAME)";
				PROVISIONING_PROFILE_SPECIFIER = "";
				SWIFT_VERSION = 5.0;
				TEST_HOST = "$(BUILT_PRODUCTS_DIR)/PreviewMarkdown.app/Contents/MacOS/PreviewMarkdown";
			};
			name = Debug;
		};
		3B7D308E251504A900A37F96 /* Release */ = {
			isa = XCBuildConfiguration;
			buildSettings = {
				BUNDLE_LOADER = "$(TEST_HOST)";
				"CODE_SIGN_IDENTITY[sdk=macosx*]" = "Developer ID Application";
				CODE_SIGN_STYLE = Manual;
				COMBINE_HIDPI_IMAGES = YES;
				DEAD_CODE_STRIPPING = YES;
				DEVELOPMENT_TEAM = "";
				"DEVELOPMENT_TEAM[sdk=macosx*]" = Y5J3K52DNA;
				INFOPLIST_FILE = PreviewMarkdownTests/Info.plist;
				LD_RUNPATH_SEARCH_PATHS = (
					"$(inherited)",
					"@executable_path/../Frameworks",
					"@loader_path/../Frameworks",
				);
				OTHER_LIBTOOLFLAGS = "$(inherited)";
				PRODUCT_BUNDLE_IDENTIFIER = com.bps.PreviewMarkdownTests;
				PRODUCT_NAME = "$(TARGET_NAME)";
				PROVISIONING_PROFILE_SPECIFIER = "";
				SWIFT_VERSION = 5.0;
				TEST_HOST = "$(BUILT_PRODUCTS_DIR)/PreviewMarkdown.app/Contents/MacOS/PreviewMarkdown";
			};
			name = Release;
		};
		3BBAEA21236ADEB3009BAA05 /* Debug */ = {
			isa = XCBuildConfiguration;
			buildSettings = {
				ALWAYS_SEARCH_USER_PATHS = NO;
				ASSETCATALOG_COMPILER_GENERATE_SWIFT_ASSET_SYMBOL_EXTENSIONS = YES;
				CLANG_ANALYZER_NONNULL = YES;
				CLANG_ANALYZER_NUMBER_OBJECT_CONVERSION = YES_AGGRESSIVE;
				CLANG_CXX_LANGUAGE_STANDARD = "gnu++14";
				CLANG_CXX_LIBRARY = "libc++";
				CLANG_ENABLE_MODULES = YES;
				CLANG_ENABLE_OBJC_ARC = YES;
				CLANG_ENABLE_OBJC_WEAK = YES;
				CLANG_WARN_BLOCK_CAPTURE_AUTORELEASING = YES;
				CLANG_WARN_BOOL_CONVERSION = YES;
				CLANG_WARN_COMMA = YES;
				CLANG_WARN_CONSTANT_CONVERSION = YES;
				CLANG_WARN_DEPRECATED_OBJC_IMPLEMENTATIONS = YES;
				CLANG_WARN_DIRECT_OBJC_ISA_USAGE = YES_ERROR;
				CLANG_WARN_DOCUMENTATION_COMMENTS = YES;
				CLANG_WARN_EMPTY_BODY = YES;
				CLANG_WARN_ENUM_CONVERSION = YES;
				CLANG_WARN_INFINITE_RECURSION = YES;
				CLANG_WARN_INT_CONVERSION = YES;
				CLANG_WARN_NON_LITERAL_NULL_CONVERSION = YES;
				CLANG_WARN_OBJC_IMPLICIT_RETAIN_SELF = YES;
				CLANG_WARN_OBJC_LITERAL_CONVERSION = YES;
				CLANG_WARN_OBJC_ROOT_CLASS = YES_ERROR;
				CLANG_WARN_QUOTED_INCLUDE_IN_FRAMEWORK_HEADER = YES;
				CLANG_WARN_RANGE_LOOP_ANALYSIS = YES;
				CLANG_WARN_STRICT_PROTOTYPES = YES;
				CLANG_WARN_SUSPICIOUS_MOVE = YES;
				CLANG_WARN_UNGUARDED_AVAILABILITY = YES_AGGRESSIVE;
				CLANG_WARN_UNREACHABLE_CODE = YES;
				CLANG_WARN__DUPLICATE_METHOD_MATCH = YES;
				COPY_PHASE_STRIP = NO;
				CURRENT_PROJECT_VERSION = 225;
				DEAD_CODE_STRIPPING = YES;
				DEBUG_INFORMATION_FORMAT = dwarf;
				ENABLE_STRICT_OBJC_MSGSEND = YES;
				ENABLE_TESTABILITY = YES;
				GCC_C_LANGUAGE_STANDARD = gnu11;
				GCC_DYNAMIC_NO_PIC = NO;
				GCC_NO_COMMON_BLOCKS = YES;
				GCC_OPTIMIZATION_LEVEL = 0;
				GCC_PREPROCESSOR_DEFINITIONS = (
					"DEBUG=1",
					"$(inherited)",
				);
				GCC_WARN_64_TO_32_BIT_CONVERSION = YES;
				GCC_WARN_ABOUT_RETURN_TYPE = YES_ERROR;
				GCC_WARN_UNDECLARED_SELECTOR = YES;
				GCC_WARN_UNINITIALIZED_AUTOS = YES_AGGRESSIVE;
				GCC_WARN_UNUSED_FUNCTION = YES;
				GCC_WARN_UNUSED_VARIABLE = YES;
				MACOSX_DEPLOYMENT_TARGET = 10.15;
				MARKETING_VERSION = 2.0.0;
				MTL_ENABLE_DEBUG_INFO = INCLUDE_SOURCE;
				MTL_FAST_MATH = YES;
				ONLY_ACTIVE_ARCH = YES;
				SDKROOT = macosx;
				STRING_CATALOG_GENERATE_SYMBOLS = YES;
				SWIFT_ACTIVE_COMPILATION_CONDITIONS = DEBUG;
				SWIFT_OPTIMIZATION_LEVEL = "-Onone";
			};
			name = Debug;
		};
		3BBAEA22236ADEB3009BAA05 /* Release */ = {
			isa = XCBuildConfiguration;
			buildSettings = {
				ALWAYS_SEARCH_USER_PATHS = NO;
				ASSETCATALOG_COMPILER_GENERATE_SWIFT_ASSET_SYMBOL_EXTENSIONS = YES;
				CLANG_ANALYZER_NONNULL = YES;
				CLANG_ANALYZER_NUMBER_OBJECT_CONVERSION = YES_AGGRESSIVE;
				CLANG_CXX_LANGUAGE_STANDARD = "gnu++14";
				CLANG_CXX_LIBRARY = "libc++";
				CLANG_ENABLE_MODULES = YES;
				CLANG_ENABLE_OBJC_ARC = YES;
				CLANG_ENABLE_OBJC_WEAK = YES;
				CLANG_WARN_BLOCK_CAPTURE_AUTORELEASING = YES;
				CLANG_WARN_BOOL_CONVERSION = YES;
				CLANG_WARN_COMMA = YES;
				CLANG_WARN_CONSTANT_CONVERSION = YES;
				CLANG_WARN_DEPRECATED_OBJC_IMPLEMENTATIONS = YES;
				CLANG_WARN_DIRECT_OBJC_ISA_USAGE = YES_ERROR;
				CLANG_WARN_DOCUMENTATION_COMMENTS = YES;
				CLANG_WARN_EMPTY_BODY = YES;
				CLANG_WARN_ENUM_CONVERSION = YES;
				CLANG_WARN_INFINITE_RECURSION = YES;
				CLANG_WARN_INT_CONVERSION = YES;
				CLANG_WARN_NON_LITERAL_NULL_CONVERSION = YES;
				CLANG_WARN_OBJC_IMPLICIT_RETAIN_SELF = YES;
				CLANG_WARN_OBJC_LITERAL_CONVERSION = YES;
				CLANG_WARN_OBJC_ROOT_CLASS = YES_ERROR;
				CLANG_WARN_QUOTED_INCLUDE_IN_FRAMEWORK_HEADER = YES;
				CLANG_WARN_RANGE_LOOP_ANALYSIS = YES;
				CLANG_WARN_STRICT_PROTOTYPES = YES;
				CLANG_WARN_SUSPICIOUS_MOVE = YES;
				CLANG_WARN_UNGUARDED_AVAILABILITY = YES_AGGRESSIVE;
				CLANG_WARN_UNREACHABLE_CODE = YES;
				CLANG_WARN__DUPLICATE_METHOD_MATCH = YES;
				COPY_PHASE_STRIP = NO;
				CURRENT_PROJECT_VERSION = 225;
				DEAD_CODE_STRIPPING = YES;
				DEBUG_INFORMATION_FORMAT = "dwarf-with-dsym";
				ENABLE_NS_ASSERTIONS = NO;
				ENABLE_STRICT_OBJC_MSGSEND = YES;
				GCC_C_LANGUAGE_STANDARD = gnu11;
				GCC_NO_COMMON_BLOCKS = YES;
				"GCC_PREPROCESSOR_DEFINITIONS[arch=*]" = "PARATAG=1";
				GCC_WARN_64_TO_32_BIT_CONVERSION = YES;
				GCC_WARN_ABOUT_RETURN_TYPE = YES_ERROR;
				GCC_WARN_UNDECLARED_SELECTOR = YES;
				GCC_WARN_UNINITIALIZED_AUTOS = YES_AGGRESSIVE;
				GCC_WARN_UNUSED_FUNCTION = YES;
				GCC_WARN_UNUSED_VARIABLE = YES;
				MACOSX_DEPLOYMENT_TARGET = 10.15;
				MARKETING_VERSION = 2.0.0;
				MTL_ENABLE_DEBUG_INFO = NO;
				MTL_FAST_MATH = YES;
				ONLY_ACTIVE_ARCH = NO;
				SDKROOT = macosx;
				STRING_CATALOG_GENERATE_SYMBOLS = YES;
				SWIFT_COMPILATION_MODE = wholemodule;
				SWIFT_OPTIMIZATION_LEVEL = "-O";
			};
			name = Release;
		};
		3BBAEA24236ADEB3009BAA05 /* Debug */ = {
			isa = XCBuildConfiguration;
			buildSettings = {
				ASSETCATALOG_COMPILER_APPICON_NAME = AppIcon;
				ASSETCATALOG_COMPILER_INCLUDE_ALL_APPICON_ASSETS = YES;
				ASSETCATALOG_OTHER_FLAGS = "--enable-icon-stack-fallback-generation=disabled";
				AUTOMATION_APPLE_EVENTS = YES;
				CLANG_ENABLE_MODULES = YES;
				CODE_SIGN_ENTITLEMENTS = PreviewMarkdown/PreviewMarkdown.entitlements;
				CODE_SIGN_IDENTITY = "Apple Development";
				"CODE_SIGN_IDENTITY[sdk=macosx*]" = "Apple Development";
				CODE_SIGN_STYLE = Manual;
				COMBINE_HIDPI_IMAGES = YES;
				CURRENT_PROJECT_VERSION = 260;
				DEAD_CODE_STRIPPING = YES;
				DEVELOPMENT_TEAM = "";
				"DEVELOPMENT_TEAM[sdk=macosx*]" = Y5J3K52DNA;
				ENABLE_APP_SANDBOX = YES;
				ENABLE_HARDENED_RUNTIME = YES;
				ENABLE_OUTGOING_NETWORK_CONNECTIONS = YES;
				GCC_PREPROCESSOR_DEFINITIONS = (
					"DEBUG=1",
					"$(inherited)",
					"TARGET_IS_PM=1",
				);
				INFOPLIST_FILE = PreviewMarkdown/Info.plist;
				INFOPLIST_KEY_CFBundleDisplayName = PreviewMarkdown;
				INFOPLIST_KEY_LSApplicationCategoryType = "public.app-category.productivity";
				LD_RUNPATH_SEARCH_PATHS = (
					"$(inherited)",
					"@executable_path/../Frameworks",
				);
				MACOSX_DEPLOYMENT_TARGET = 10.15;
				MARKETING_VERSION = 2.3.0;
				OTHER_LIBTOOLFLAGS = "$(inhertited)";
				OTHER_SWIFT_FLAGS = "-D TARGET_IS_PM";
				PRODUCT_BUNDLE_IDENTIFIER = com.bps.PreviewMarkdown;
				PRODUCT_NAME = "$(TARGET_NAME)";
				PROVISIONING_PROFILE_SPECIFIER = "";
				REGISTER_APP_GROUPS = NO;
				SWIFT_OPTIMIZATION_LEVEL = "-Onone";
				SWIFT_VERSION = 5.0;
			};
			name = Debug;
		};
		3BBAEA25236ADEB3009BAA05 /* Release */ = {
			isa = XCBuildConfiguration;
			buildSettings = {
				ASSETCATALOG_COMPILER_APPICON_NAME = AppIcon;
				ASSETCATALOG_COMPILER_INCLUDE_ALL_APPICON_ASSETS = YES;
				ASSETCATALOG_OTHER_FLAGS = "--enable-icon-stack-fallback-generation=disabled";
				AUTOMATION_APPLE_EVENTS = YES;
				CLANG_ENABLE_MODULES = YES;
				CODE_SIGN_ENTITLEMENTS = PreviewMarkdown/PreviewMarkdown.entitlements;
				CODE_SIGN_IDENTITY = "Apple Development";
				"CODE_SIGN_IDENTITY[sdk=macosx*]" = "Apple Development";
				CODE_SIGN_STYLE = Manual;
				COMBINE_HIDPI_IMAGES = YES;
				CURRENT_PROJECT_VERSION = 260;
				DEAD_CODE_STRIPPING = YES;
				DEVELOPMENT_TEAM = "";
				"DEVELOPMENT_TEAM[sdk=macosx*]" = Y5J3K52DNA;
				ENABLE_APP_SANDBOX = YES;
				ENABLE_HARDENED_RUNTIME = YES;
				ENABLE_OUTGOING_NETWORK_CONNECTIONS = YES;
				GCC_PREPROCESSOR_DEFINITIONS = "TARGET_IS_PM=1";
				INFOPLIST_FILE = PreviewMarkdown/Info.plist;
				INFOPLIST_KEY_CFBundleDisplayName = PreviewMarkdown;
				INFOPLIST_KEY_LSApplicationCategoryType = "public.app-category.productivity";
				LD_RUNPATH_SEARCH_PATHS = (
					"$(inherited)",
					"@executable_path/../Frameworks",
				);
				MACOSX_DEPLOYMENT_TARGET = 10.15;
				MARKETING_VERSION = 2.3.0;
				OTHER_LIBTOOLFLAGS = "$(inhertited)";
				OTHER_SWIFT_FLAGS = "-D TARGET_IS_PM";
				PRODUCT_BUNDLE_IDENTIFIER = com.bps.PreviewMarkdown;
				PRODUCT_NAME = "$(TARGET_NAME)";
				PROVISIONING_PROFILE_SPECIFIER = "";
				REGISTER_APP_GROUPS = NO;
				SWIFT_VERSION = 5.0;
			};
			name = Release;
		};
		3BBAEA3A236ADECB009BAA05 /* Debug */ = {
			isa = XCBuildConfiguration;
			buildSettings = {
				BUILD_LIBRARY_FOR_DISTRIBUTION = NO;
				CODE_SIGN_ENTITLEMENTS = "Markdown Previewer/Previewer.entitlements";
				CODE_SIGN_IDENTITY = "Apple Development";
				"CODE_SIGN_IDENTITY[sdk=macosx*]" = "Apple Development";
				CODE_SIGN_STYLE = Manual;
				CURRENT_PROJECT_VERSION = 260;
				DEAD_CODE_STRIPPING = YES;
				DEVELOPMENT_TEAM = "";
				"DEVELOPMENT_TEAM[sdk=macosx*]" = Y5J3K52DNA;
				ENABLE_APP_SANDBOX = YES;
				ENABLE_FILE_ACCESS_DOWNLOADS_FOLDER = readonly;
				ENABLE_HARDENED_RUNTIME = YES;
				ENABLE_USER_SELECTED_FILES = readonly;
				INFOPLIST_FILE = "Markdown Previewer/Info.plist";
				LD_RUNPATH_SEARCH_PATHS = (
					"$(inherited)",
					"@executable_path/../Frameworks",
					"@executable_path/../../../../Frameworks",
				);
				MACOSX_DEPLOYMENT_TARGET = 10.15;
				MARKETING_VERSION = 2.3.0;
				PRODUCT_BUNDLE_IDENTIFIER = com.bps.PreviewMarkdown.Previewer;
				PRODUCT_NAME = "$(TARGET_NAME)";
				PROVISIONING_PROFILE_SPECIFIER = "";
				REGISTER_APP_GROUPS = YES;
				SKIP_INSTALL = YES;
				SWIFT_ACTIVE_COMPILATION_CONDITIONS = DEBUG;
				SWIFT_INSTALL_OBJC_HEADER = NO;
				SWIFT_PRECOMPILE_BRIDGING_HEADER = NO;
				SWIFT_VERSION = 5.0;
			};
			name = Debug;
		};
		3BBAEA3B236ADECB009BAA05 /* Release */ = {
			isa = XCBuildConfiguration;
			buildSettings = {
				BUILD_LIBRARY_FOR_DISTRIBUTION = NO;
				CODE_SIGN_ENTITLEMENTS = "Markdown Previewer/Previewer.entitlements";
				CODE_SIGN_IDENTITY = "Apple Development";
				"CODE_SIGN_IDENTITY[sdk=macosx*]" = "Apple Development";
				CODE_SIGN_STYLE = Manual;
				CURRENT_PROJECT_VERSION = 260;
				DEAD_CODE_STRIPPING = YES;
				DEVELOPMENT_TEAM = "";
				"DEVELOPMENT_TEAM[sdk=macosx*]" = Y5J3K52DNA;
				ENABLE_APP_SANDBOX = YES;
				ENABLE_FILE_ACCESS_DOWNLOADS_FOLDER = readonly;
				ENABLE_HARDENED_RUNTIME = YES;
				ENABLE_USER_SELECTED_FILES = readonly;
				INFOPLIST_FILE = "Markdown Previewer/Info.plist";
				LD_RUNPATH_SEARCH_PATHS = (
					"$(inherited)",
					"@executable_path/../Frameworks",
					"@executable_path/../../../../Frameworks",
				);
				MACOSX_DEPLOYMENT_TARGET = 10.15;
				MARKETING_VERSION = 2.3.0;
				PRODUCT_BUNDLE_IDENTIFIER = com.bps.PreviewMarkdown.Previewer;
				PRODUCT_NAME = "$(TARGET_NAME)";
				PROVISIONING_PROFILE_SPECIFIER = "";
				REGISTER_APP_GROUPS = YES;
				SKIP_INSTALL = YES;
				SWIFT_INSTALL_OBJC_HEADER = NO;
				SWIFT_PRECOMPILE_BRIDGING_HEADER = NO;
				SWIFT_VERSION = 5.0;
			};
			name = Release;
		};
		3BBAEA4E236ADF11009BAA05 /* Debug */ = {
			isa = XCBuildConfiguration;
			buildSettings = {
				CODE_SIGN_ENTITLEMENTS = "Markdown Thumbnailer/Thumbnailer.entitlements";
				CODE_SIGN_IDENTITY = "Apple Development";
				"CODE_SIGN_IDENTITY[sdk=macosx*]" = "Apple Development";
				CODE_SIGN_STYLE = Manual;
				CURRENT_PROJECT_VERSION = 260;
				DEAD_CODE_STRIPPING = YES;
				DEVELOPMENT_TEAM = "";
				"DEVELOPMENT_TEAM[sdk=macosx*]" = Y5J3K52DNA;
				ENABLE_APP_SANDBOX = YES;
				ENABLE_FILE_ACCESS_DOWNLOADS_FOLDER = readonly;
				ENABLE_HARDENED_RUNTIME = YES;
				ENABLE_USER_SELECTED_FILES = readonly;
				INFOPLIST_FILE = "Markdown Thumbnailer/Info.plist";
				LD_RUNPATH_SEARCH_PATHS = (
					"$(inherited)",
					"@executable_path/../Frameworks",
					"@executable_path/../../../../Frameworks",
				);
				MACOSX_DEPLOYMENT_TARGET = 11.5;
				MARKETING_VERSION = 2.3.0;
				PRODUCT_BUNDLE_IDENTIFIER = com.bps.PreviewMarkdown.Thumbnailer;
				PRODUCT_NAME = "$(TARGET_NAME)";
				PROVISIONING_PROFILE_SPECIFIER = "";
				REGISTER_APP_GROUPS = YES;
				SKIP_INSTALL = YES;
				SWIFT_INSTALL_OBJC_HEADER = NO;
				SWIFT_PRECOMPILE_BRIDGING_HEADER = NO;
				SWIFT_VERSION = 5.0;
			};
			name = Debug;
		};
		3BBAEA4F236ADF11009BAA05 /* Release */ = {
			isa = XCBuildConfiguration;
			buildSettings = {
				CODE_SIGN_ENTITLEMENTS = "Markdown Thumbnailer/Thumbnailer.entitlements";
				CODE_SIGN_IDENTITY = "Apple Development";
				"CODE_SIGN_IDENTITY[sdk=macosx*]" = "Apple Development";
				CODE_SIGN_STYLE = Manual;
				CURRENT_PROJECT_VERSION = 260;
				DEAD_CODE_STRIPPING = YES;
				DEVELOPMENT_TEAM = "";
				"DEVELOPMENT_TEAM[sdk=macosx*]" = Y5J3K52DNA;
				ENABLE_APP_SANDBOX = YES;
				ENABLE_FILE_ACCESS_DOWNLOADS_FOLDER = readonly;
				ENABLE_HARDENED_RUNTIME = YES;
				ENABLE_USER_SELECTED_FILES = readonly;
				INFOPLIST_FILE = "Markdown Thumbnailer/Info.plist";
				LD_RUNPATH_SEARCH_PATHS = (
					"$(inherited)",
					"@executable_path/../Frameworks",
					"@executable_path/../../../../Frameworks",
				);
				MACOSX_DEPLOYMENT_TARGET = 11.5;
				MARKETING_VERSION = 2.3.0;
				PRODUCT_BUNDLE_IDENTIFIER = com.bps.PreviewMarkdown.Thumbnailer;
				PRODUCT_NAME = "$(TARGET_NAME)";
				PROVISIONING_PROFILE_SPECIFIER = "";
				REGISTER_APP_GROUPS = YES;
				SKIP_INSTALL = YES;
				SWIFT_INSTALL_OBJC_HEADER = NO;
				SWIFT_PRECOMPILE_BRIDGING_HEADER = NO;
				SWIFT_VERSION = 5.0;
			};
			name = Release;
		};
		3BD56C362AF02E0600772A82 /* Debug */ = {
			isa = XCBuildConfiguration;
			buildSettings = {
				ASSETCATALOG_COMPILER_APPICON_NAME = AppIcon;
				ASSETCATALOG_COMPILER_GENERATE_SWIFT_ASSET_SYMBOL_EXTENSIONS = YES;
				ASSETCATALOG_COMPILER_GLOBAL_ACCENT_COLOR_NAME = AccentColor;
				CLANG_CXX_LANGUAGE_STANDARD = "gnu++20";
				CODE_SIGN_ENTITLEMENTS = RenderDemo/RenderDemo.entitlements;
				CODE_SIGN_IDENTITY = "Developer ID Application";
				"CODE_SIGN_IDENTITY[sdk=macosx*]" = "Developer ID Application";
				CODE_SIGN_STYLE = Manual;
				COMBINE_HIDPI_IMAGES = YES;
				CURRENT_PROJECT_VERSION = 1;
				DEVELOPMENT_TEAM = "";
				"DEVELOPMENT_TEAM[sdk=macosx*]" = Y5J3K52DNA;
				ENABLE_HARDENED_RUNTIME = YES;
				ENABLE_USER_SCRIPT_SANDBOXING = NO;
				ENABLE_USER_SELECTED_FILES = readonly;
				GCC_C_LANGUAGE_STANDARD = gnu17;
				GCC_PREPROCESSOR_DEFINITIONS = (
					"DEBUG=1",
					"$(inherited)",
				);
				GENERATE_INFOPLIST_FILE = NO;
				INFOPLIST_FILE = RenderDemo/Info.plist;
				INFOPLIST_KEY_LSApplicationCategoryType = "public.app-category.utilities";
				INFOPLIST_KEY_NSHumanReadableCopyright = "Copyright © 2023 Tony Smith. All rights reserved.";
				INFOPLIST_KEY_NSMainNibFile = MainMenu;
				INFOPLIST_KEY_NSPrincipalClass = NSApplication;
				LD_RUNPATH_SEARCH_PATHS = (
					"$(inherited)",
					"@executable_path/../Frameworks",
				);
				LOCALIZATION_PREFERS_STRING_CATALOGS = YES;
				MACOSX_DEPLOYMENT_TARGET = 14.0;
				MARKETING_VERSION = 1.0.2;
				PRODUCT_BUNDLE_IDENTIFIER = com.bps.PreviewMarkdown.RenderDemo;
				PRODUCT_NAME = "$(TARGET_NAME)";
				PROVISIONING_PROFILE_SPECIFIER = "";
				REGISTER_APP_GROUPS = YES;
				SWIFT_ACTIVE_COMPILATION_CONDITIONS = "PARATAG $(inherited) INCHTML PARASYM";
				SWIFT_EMIT_LOC_STRINGS = YES;
				SWIFT_VERSION = 5.0;
			};
			name = Debug;
		};
		3BD56C372AF02E0600772A82 /* Release */ = {
			isa = XCBuildConfiguration;
			buildSettings = {
				ASSETCATALOG_COMPILER_APPICON_NAME = AppIcon;
				ASSETCATALOG_COMPILER_GENERATE_SWIFT_ASSET_SYMBOL_EXTENSIONS = YES;
				ASSETCATALOG_COMPILER_GLOBAL_ACCENT_COLOR_NAME = AccentColor;
				CLANG_CXX_LANGUAGE_STANDARD = "gnu++20";
				CODE_SIGN_ENTITLEMENTS = RenderDemo/RenderDemo.entitlements;
				CODE_SIGN_IDENTITY = "3rd Party Mac Developer Application";
				"CODE_SIGN_IDENTITY[sdk=macosx*]" = "Developer ID Application";
				CODE_SIGN_STYLE = Manual;
				COMBINE_HIDPI_IMAGES = YES;
				CURRENT_PROJECT_VERSION = 1;
				DEVELOPMENT_TEAM = "";
				"DEVELOPMENT_TEAM[sdk=macosx*]" = Y5J3K52DNA;
				ENABLE_HARDENED_RUNTIME = YES;
				ENABLE_USER_SCRIPT_SANDBOXING = NO;
				ENABLE_USER_SELECTED_FILES = readonly;
				GCC_C_LANGUAGE_STANDARD = gnu17;
				"GCC_PREPROCESSOR_DEFINITIONS[arch=*]" = "";
				GENERATE_INFOPLIST_FILE = NO;
				INFOPLIST_FILE = RenderDemo/Info.plist;
				INFOPLIST_KEY_LSApplicationCategoryType = "public.app-category.utilities";
				INFOPLIST_KEY_NSHumanReadableCopyright = "Copyright © 2023 Tony Smith. All rights reserved.";
				INFOPLIST_KEY_NSMainNibFile = MainMenu;
				INFOPLIST_KEY_NSPrincipalClass = NSApplication;
				LD_RUNPATH_SEARCH_PATHS = (
					"$(inherited)",
					"@executable_path/../Frameworks",
				);
				LOCALIZATION_PREFERS_STRING_CATALOGS = YES;
				MACOSX_DEPLOYMENT_TARGET = 14.0;
				MARKETING_VERSION = 1.0.2;
				PRODUCT_BUNDLE_IDENTIFIER = com.bps.PreviewMarkdown.RenderDemo;
				PRODUCT_NAME = "$(TARGET_NAME)";
				PROVISIONING_PROFILE_SPECIFIER = "";
				REGISTER_APP_GROUPS = YES;
				SWIFT_EMIT_LOC_STRINGS = YES;
				SWIFT_VERSION = 5.0;
			};
			name = Release;
		};
/* End XCBuildConfiguration section */

/* Begin XCConfigurationList section */
		3B7D308F251504A900A37F96 /* Build configuration list for PBXNativeTarget "PreviewMarkdownTests" */ = {
			isa = XCConfigurationList;
			buildConfigurations = (
				3B7D308D251504A900A37F96 /* Debug */,
				3B7D308E251504A900A37F96 /* Release */,
			);
			defaultConfigurationIsVisible = 0;
			defaultConfigurationName = Release;
		};
		3BBAEA10236ADEB0009BAA05 /* Build configuration list for PBXProject "PreviewMarkdown" */ = {
			isa = XCConfigurationList;
			buildConfigurations = (
				3BBAEA21236ADEB3009BAA05 /* Debug */,
				3BBAEA22236ADEB3009BAA05 /* Release */,
			);
			defaultConfigurationIsVisible = 0;
			defaultConfigurationName = Release;
		};
		3BBAEA23236ADEB3009BAA05 /* Build configuration list for PBXNativeTarget "PreviewMarkdown" */ = {
			isa = XCConfigurationList;
			buildConfigurations = (
				3BBAEA24236ADEB3009BAA05 /* Debug */,
				3BBAEA25236ADEB3009BAA05 /* Release */,
			);
			defaultConfigurationIsVisible = 0;
			defaultConfigurationName = Release;
		};
		3BBAEA39236ADECB009BAA05 /* Build configuration list for PBXNativeTarget "Markdown Previewer" */ = {
			isa = XCConfigurationList;
			buildConfigurations = (
				3BBAEA3A236ADECB009BAA05 /* Debug */,
				3BBAEA3B236ADECB009BAA05 /* Release */,
			);
			defaultConfigurationIsVisible = 0;
			defaultConfigurationName = Release;
		};
		3BBAEA4D236ADF11009BAA05 /* Build configuration list for PBXNativeTarget "Markdown Thumbnailer" */ = {
			isa = XCConfigurationList;
			buildConfigurations = (
				3BBAEA4E236ADF11009BAA05 /* Debug */,
				3BBAEA4F236ADF11009BAA05 /* Release */,
			);
			defaultConfigurationIsVisible = 0;
			defaultConfigurationName = Release;
		};
		3BD56C382AF02E0600772A82 /* Build configuration list for PBXNativeTarget "RenderDemo" */ = {
			isa = XCConfigurationList;
			buildConfigurations = (
				3BD56C362AF02E0600772A82 /* Debug */,
				3BD56C372AF02E0600772A82 /* Release */,
			);
			defaultConfigurationIsVisible = 0;
			defaultConfigurationName = Release;
		};
/* End XCConfigurationList section */

/* Begin XCRemoteSwiftPackageReference section */
		3B218E102637F5C30024446B /* XCRemoteSwiftPackageReference "YamlSwift" */ = {
			isa = XCRemoteSwiftPackageReference;
			repositoryURL = "https://github.com/smittytone/YamlSwift.git";
			requirement = {
				branch = master;
				kind = branch;
			};
		};
		3B60A73F2C8E199C00812A2D /* XCRemoteSwiftPackageReference "HighlighterSwift" */ = {
			isa = XCRemoteSwiftPackageReference;
			repositoryURL = "https://github.com/smittytone/HighlighterSwift";
			requirement = {
				branch = main;
				kind = branch;
			};
		};
/* End XCRemoteSwiftPackageReference section */

/* Begin XCSwiftPackageProductDependency section */
		3B218E112637F5C30024446B /* Yaml */ = {
			isa = XCSwiftPackageProductDependency;
			package = 3B218E102637F5C30024446B /* XCRemoteSwiftPackageReference "YamlSwift" */;
			productName = Yaml;
		};
		3B218E332637FA3B0024446B /* Yaml */ = {
			isa = XCSwiftPackageProductDependency;
			package = 3B218E102637F5C30024446B /* XCRemoteSwiftPackageReference "YamlSwift" */;
			productName = Yaml;
		};
		3B33BEED2898FDF90038AE9D /* Yaml */ = {
			isa = XCSwiftPackageProductDependency;
			package = 3B218E102637F5C30024446B /* XCRemoteSwiftPackageReference "YamlSwift" */;
			productName = Yaml;
		};
		3B60A7402C8E199C00812A2D /* Highlighter */ = {
			isa = XCSwiftPackageProductDependency;
			package = 3B60A73F2C8E199C00812A2D /* XCRemoteSwiftPackageReference "HighlighterSwift" */;
			productName = Highlighter;
		};
		3B60A7422C8E19E600812A2D /* Highlighter */ = {
			isa = XCSwiftPackageProductDependency;
			package = 3B60A73F2C8E199C00812A2D /* XCRemoteSwiftPackageReference "HighlighterSwift" */;
			productName = Highlighter;
		};
		3B60A7442C8E238600812A2D /* Highlighter */ = {
			isa = XCSwiftPackageProductDependency;
			package = 3B60A73F2C8E199C00812A2D /* XCRemoteSwiftPackageReference "HighlighterSwift" */;
			productName = Highlighter;
		};
		3BD56C3F2AF02FC200772A82 /* Yaml */ = {
			isa = XCSwiftPackageProductDependency;
			package = 3B218E102637F5C30024446B /* XCRemoteSwiftPackageReference "YamlSwift" */;
			productName = Yaml;
		};
/* End XCSwiftPackageProductDependency section */
	};
	rootObject = 3BBAEA0D236ADEB0009BAA05 /* Project object */;
}
