{
  "pins" : [
    {
      "identity" : "swiftymarkdown",
      "kind" : "remoteSourceControl",
      "location" : "https://github.com/smittytone/SwiftyMarkdown.git",
      "state" : {
        "branch" : "master",
        "revision" : "dde451ab4ed9b77b328e21baa471fdfa0cf61369"
      }
    },
    {
      "identity" : "yamlswift",
      "kind" : "remoteSourceControl",
      "location" : "https://github.com/smittytone/YamlSwift.git",
      "state" : {
        "branch" : "master",
        "revision" : "43292bdcbf3058802954cdd2fcb231b64cf6d139"
      }
    }
  ],
  "version" : 2
}
