{
  "object": {
    "pins": [
      {
        "package": "SwiftyMarkdown",
        "repositoryURL": "https://github.com/smittytone/SwiftyMarkdown.git",
        "state": {
          "branch": "code-blocks",
          "revision": "17ecfc288f5bb4baed76e26320dfc96478ffb871",
          "version": null
        }
      },
      {
        "package": "Yaml",
        "repositoryURL": "https://github.com/smittytone/YamlSwift.git",
        "state": {
          "branch": "master",
          "revision": "43292bdcbf3058802954cdd2fcb231b64cf6d139",
          "version": null
        }
      }
    ]
  },
  "version": 1
}
