{
  "object": {
    "pins": [
      {
        "package": "SwiftyMarkdown",
        "repositoryURL": "https://github.com/SimonFairbairn/SwiftyMarkdown.git",
        "state": {
          "branch": null,
          "revision": "5b0a1e76332a633726f9f9a00b4bbd840166bccf",
          "version": "1.2.3"
        }
      },
      {
        "package": "Yaml",
        "repositoryURL": "https://github.com/smittytone/YamlSwift.git",
        "state": {
          "branch": "master",
          "revision": "43292bdcbf3058802954cdd2fcb231b64cf6d139",
          "version": null
        }
      }
    ]
  },
  "version": 1
}
