{
  "object": {
    "pins": [
      {
        "package": "SwiftyMarkdown",
        "repositoryURL": "https://github.com/SimonFairbairn/SwiftyMarkdown.git",
        "state": {
          "branch": null,
          "revision": "36f0c4d9c772a57f72941e7b51f0f04fb57fd79b",
          "version": "1.0.2"
        }
      }
    ]
  },
  "version": 1
}
